// !$*UTF8*$!
{
	archiveVersion = 1;
	classes = {
	};
	objectVersion = 46;
	objects = {

/* Begin PBXBuildFile section */
		0027047D0CE64491BCA1364F /* AntDesign.ttf in Resources */ = {isa = PBXBuildFile; fileRef = 04A1A8C768D143F08485E1C5 /* AntDesign.ttf */; };
		06355ABED42B488BA4D5807A /* NunitoSans-SemiBold.ttf in Resources */ = {isa = PBXBuildFile; fileRef = 6F44F53BFF3E490BAD60C704 /* NunitoSans-SemiBold.ttf */; };
		11E8D1F103FE44E49AFDE121 /* Feather.ttf in Resources */ = {isa = PBXBuildFile; fileRef = 3EE343825AAB46DBAE5985A3 /* Feather.ttf */; };
		13B07FBC1A68108700A75B9A /* AppDelegate.m in Sources */ = {isa = PBXBuildFile; fileRef = 13B07FB01A68108700A75B9A /* AppDelegate.m */; };
		13B07FBD1A68108700A75B9A /* LaunchScreen.xib in Resources */ = {isa = PBXBuildFile; fileRef = 13B07FB11A68108700A75B9A /* LaunchScreen.xib */; };
		13B07FC11A68108700A75B9A /* main.m in Sources */ = {isa = PBXBuildFile; fileRef = 13B07FB71A68108700A75B9A /* main.m */; };
		191EAD63BE26436E9454CAE6 /* Octicons.ttf in Resources */ = {isa = PBXBuildFile; fileRef = 3039DEEE8F944C19A3E539D3 /* Octicons.ttf */; };
		205F162DE46C4491B98F29DA /* Inter-Light-slnt.ttf in Resources */ = {isa = PBXBuildFile; fileRef = F0CC7D53006049C6BEBD34FB /* Inter-Light-slnt.ttf */; };
		259809D703A44D32A7C07F07 /* FontAwesome5_Solid.ttf in Resources */ = {isa = PBXBuildFile; fileRef = 70EEB9C1007E4E768814E09F /* FontAwesome5_Solid.ttf */; };
		2C0D52D0C4344F5287DE8DA4 /* Inter-Thin-slnt.ttf in Resources */ = {isa = PBXBuildFile; fileRef = 04685D34BE5A427A9CCEE08B /* Inter-Thin-slnt.ttf */; };
		2E1E589D1DA24025A8110978 /* MaterialCommunityIcons.ttf in Resources */ = {isa = PBXBuildFile; fileRef = C0637B1359824E418C8DD794 /* MaterialCommunityIcons.ttf */; };
		3115C4A0555045ACBB3378CE /* NunitoSans-SemiBoldItalic.ttf in Resources */ = {isa = PBXBuildFile; fileRef = 42232F5A46444DEDB3884B94 /* NunitoSans-SemiBoldItalic.ttf */; };
		318303DAB51743D0843D642B /* EvilIcons.ttf in Resources */ = {isa = PBXBuildFile; fileRef = D5C7F0287FFE4FFA806EB31F /* EvilIcons.ttf */; };
		325BC41A8FB8A80E5AE2D3D4 /* libPods-SOLOYNC.a in Frameworks */ = {isa = PBXBuildFile; fileRef = E1DB216980328F331DA45CCF /* libPods-SOLOYNC.a */; };
		3A5F6C9901D54601B6360722 /* NunitoSans-ExtraLightItalic.ttf in Resources */ = {isa = PBXBuildFile; fileRef = 212FC9163B944C068B4C67E9 /* NunitoSans-ExtraLightItalic.ttf */; };
		3DC7BA9E93F841F58521A121 /* NunitoSans-Bold.ttf in Resources */ = {isa = PBXBuildFile; fileRef = 3CCC89C466354B6ABA515108 /* NunitoSans-Bold.ttf */; };
		438112C3CF254018838A4854 /* Inter-Regular-slnt.ttf in Resources */ = {isa = PBXBuildFile; fileRef = 994816E0711144E4B955E4E3 /* Inter-Regular-slnt.ttf */; };
		43E18A3D28A044EC86BDCDA6 /* NunitoSans-Italic.ttf in Resources */ = {isa = PBXBuildFile; fileRef = D2B33482AB2B4D6D8B07810B /* NunitoSans-Italic.ttf */; };
		470B7948CE4D4EECA5671A14 /* Inter-ExtraLight-slnt.ttf in Resources */ = {isa = PBXBuildFile; fileRef = A96ADD5678EC4C8FB5A5E827 /* Inter-ExtraLight-slnt.ttf */; };
		49E6D24616FD41E49DD47F8C /* NunitoSans-Black.ttf in Resources */ = {isa = PBXBuildFile; fileRef = 2A7FA1A84C484CFB8CB39E4A /* NunitoSans-Black.ttf */; };
		4DEDE1F5B0FF47E0BD2926D0 /* Inter-Black-slnt.ttf in Resources */ = {isa = PBXBuildFile; fileRef = B60AD4AE834142F19ACD152F /* Inter-Black-slnt.ttf */; };
		616EA5D1D0C1454D81E36F91 /* NunitoSans-ExtraLight.ttf in Resources */ = {isa = PBXBuildFile; fileRef = E4DBA6C60BF54F9E943A8AA3 /* NunitoSans-ExtraLight.ttf */; };
		6181E10E38794D6BA0162929 /* Ionicons.ttf in Resources */ = {isa = PBXBuildFile; fileRef = 7CAF41BA9B18450AAB39821E /* Ionicons.ttf */; };
		741CFBE8EE304770A62AC54D /* Entypo.ttf in Resources */ = {isa = PBXBuildFile; fileRef = D5986B128AAF46368AB0BAC5 /* Entypo.ttf */; };
		89A678175DE54959839E619D /* NunitoSans-BoldItalic.ttf in Resources */ = {isa = PBXBuildFile; fileRef = B16A2D0137984C3684FDA3B2 /* NunitoSans-BoldItalic.ttf */; };
		8C1EE1548601470F8FA5A9AE /* Inter-Medium-slnt.ttf in Resources */ = {isa = PBXBuildFile; fileRef = D1690284862446BA9C80B12D /* Inter-Medium-slnt.ttf */; };
		938278AD34F64A588B268DBE /* NunitoSans-ExtraBoldItalic.ttf in Resources */ = {isa = PBXBuildFile; fileRef = E4939493A19C4DE9B47C1BD4 /* NunitoSans-ExtraBoldItalic.ttf */; };
		9DBED9D508044C8F8C743C89 /* FontAwesome5_Brands.ttf in Resources */ = {isa = PBXBuildFile; fileRef = 984C882A35B249C0B63D0138 /* FontAwesome5_Brands.ttf */; };
		A20F34DB33E9441EB745D314 /* NunitoSans-BlackItalic.ttf in Resources */ = {isa = PBXBuildFile; fileRef = 25C71DE7973746F38CF20FB3 /* NunitoSans-BlackItalic.ttf */; };
		A5C9A6C6E2D54F62B036331B /* NunitoSans-Regular.ttf in Resources */ = {isa = PBXBuildFile; fileRef = 9688520441FC4D1E84B15FEF /* NunitoSans-Regular.ttf */; };
		A6D75C1BE85944DBA6CD8312 /* Inter-Bold-slnt.ttf in Resources */ = {isa = PBXBuildFile; fileRef = 52DBA9366EA749978E93E077 /* Inter-Bold-slnt.ttf */; };
		AF36A93B20B74C159F8BBC67 /* FontAwesome.ttf in Resources */ = {isa = PBXBuildFile; fileRef = D1C6B637FE5E4030928337A5 /* FontAwesome.ttf */; };
		B2DF505322EC4A3F934C9307 /* NunitoSans-Light.ttf in Resources */ = {isa = PBXBuildFile; fileRef = BCC65E116DB6472AB3AA8D8F /* NunitoSans-Light.ttf */; };
		CA4D7F7012EC4C259217EEB3 /* Foundation.ttf in Resources */ = {isa = PBXBuildFile; fileRef = 6511ABF5006442649662BFC0 /* Foundation.ttf */; };
		CA941080BA5F4EBF82257812 /* MaterialIcons.ttf in Resources */ = {isa = PBXBuildFile; fileRef = 123A06E6127744688A210850 /* MaterialIcons.ttf */; };
		D436B230891C4653BD9698CC /* Zocial.ttf in Resources */ = {isa = PBXBuildFile; fileRef = FFA4FB939D23499D8DC9C509 /* Zocial.ttf */; };
		DD676E5F1CFD4BBAAA63E313 /* NunitoSans-ExtraBold.ttf in Resources */ = {isa = PBXBuildFile; fileRef = C0C4AB1B38AB4121A3AD7605 /* NunitoSans-ExtraBold.ttf */; };
		DDE52100396A4D6CBBA939B7 /* FontAwesome5_Regular.ttf in Resources */ = {isa = PBXBuildFile; fileRef = E1FFB00C1C9A4107843FDE53 /* FontAwesome5_Regular.ttf */; };
		E5E103448F7446B88DF4E1F4 /* Inter-ExtraBold-slnt.ttf in Resources */ = {isa = PBXBuildFile; fileRef = F34A11CC168847AF952320AF /* Inter-ExtraBold-slnt.ttf */; };
		E6609C9278964EF78C669244 /* NunitoSans-LightItalic.ttf in Resources */ = {isa = PBXBuildFile; fileRef = ED52A72D21BA41709BE446BB /* NunitoSans-LightItalic.ttf */; };
		F177A7F658684C9F8135D975 /* Fontisto.ttf in Resources */ = {isa = PBXBuildFile; fileRef = E74E9D44ABC24B59955392F3 /* Fontisto.ttf */; };
		F7BF6C860A3E445B9C41E600 /* Inter-SemiBold-slnt.ttf in Resources */ = {isa = PBXBuildFile; fileRef = BE0D1024B6F64540B569D66D /* Inter-SemiBold-slnt.ttf */; };
		FBEB101532EB4879B2C62287 /* SimpleLineIcons.ttf in Resources */ = {isa = PBXBuildFile; fileRef = 117D0FE85EA6465A9B19C1C4 /* SimpleLineIcons.ttf */; };
/* End PBXBuildFile section */

/* Begin PBXContainerItemProxy section */
		07118B8C243E28BB0098A6D8 /* PBXContainerItemProxy */ = {
			isa = PBXContainerItemProxy;
			containerPortal = 46821DAE63474AE7A47C7541 /* RangeSlider.xcodeproj */;
			proxyType = 2;
			remoteGlobalIDString = 043F1FDA20BDDACF00904784;
			remoteInfo = RangeSlider;
		};
/* End PBXContainerItemProxy section */

/* Begin PBXFileReference section */
		008F07F21AC5B25A0029DE68 /* main.jsbundle */ = {isa = PBXFileReference; fileEncoding = 4; lastKnownFileType = text; path = main.jsbundle; sourceTree = "<group>"; };
		00B06CF125724D16A20E8C9B /* Poppins-ThinItalic.ttf */ = {isa = PBXFileReference; explicitFileType = undefined; fileEncoding = 9; includeInIndex = 0; lastKnownFileType = unknown; name = "Poppins-ThinItalic.ttf"; path = "../assets/fonts/Poppins-ThinItalic.ttf"; sourceTree = "<group>"; };
		00E356F11AD99517003FC87E /* Info.plist */ = {isa = PBXFileReference; lastKnownFileType = text.plist.xml; path = Info.plist; sourceTree = "<group>"; };
		00E356F21AD99517003FC87E /* SOLOYNCTests.m */ = {isa = PBXFileReference; lastKnownFileType = sourcecode.c.objc; path = SOLOYNCTests.m; sourceTree = "<group>"; };
		04685D34BE5A427A9CCEE08B /* Inter-Thin-slnt.ttf */ = {isa = PBXFileReference; explicitFileType = undefined; fileEncoding = 9; includeInIndex = 0; lastKnownFileType = unknown; name = "Inter-Thin-slnt.ttf"; path = "../assets/fonts/Inter-Thin-slnt.ttf"; sourceTree = "<group>"; };
		04A1A8C768D143F08485E1C5 /* AntDesign.ttf */ = {isa = PBXFileReference; explicitFileType = undefined; fileEncoding = 9; includeInIndex = 0; lastKnownFileType = unknown; name = AntDesign.ttf; path = "../node_modules/react-native-vector-icons/Fonts/AntDesign.ttf"; sourceTree = "<group>"; };
		06D942B9FAE24D93A4F1908B /* AvenirLTStd-Medium.otf */ = {isa = PBXFileReference; explicitFileType = undefined; fileEncoding = 9; includeInIndex = 0; lastKnownFileType = unknown; name = "AvenirLTStd-Medium.otf"; path = "../assets/fonts/AvenirLTStd-Medium.otf"; sourceTree = "<group>"; };
		07118B9C243E30630098A6D8 /* BVLinearGradient.framework */ = {isa = PBXFileReference; explicitFileType = wrapper.framework; path = BVLinearGradient.framework; sourceTree = BUILT_PRODUCTS_DIR; };
		075F9384243E4D150093F671 /* libBVLinearGradient.a */ = {isa = PBXFileReference; explicitFileType = archive.ar; path = libBVLinearGradient.a; sourceTree = BUILT_PRODUCTS_DIR; };
		080D19D765584983A62E8DF6 /* AvenirLTStd-BlackOblique.otf */ = {isa = PBXFileReference; explicitFileType = undefined; fileEncoding = 9; includeInIndex = 0; lastKnownFileType = unknown; name = "AvenirLTStd-BlackOblique.otf"; path = "../assets/fonts/AvenirLTStd-BlackOblique.otf"; sourceTree = "<group>"; };
		0AF5D6AA97864F669150DAF9 /* Montserrat-Medium.ttf */ = {isa = PBXFileReference; explicitFileType = undefined; fileEncoding = 9; includeInIndex = 0; lastKnownFileType = unknown; name = "Montserrat-Medium.ttf"; path = "../src/assets/fonts/Montserrat/Montserrat-Medium.ttf"; sourceTree = "<group>"; };
		0B387F8811DF42A6AC19A4DA /* Montserrat-Bold.ttf */ = {isa = PBXFileReference; explicitFileType = undefined; fileEncoding = 9; includeInIndex = 0; lastKnownFileType = unknown; name = "Montserrat-Bold.ttf"; path = "../src/assets/fonts/Montserrat/Montserrat-Bold.ttf"; sourceTree = "<group>"; };
		117D0FE85EA6465A9B19C1C4 /* SimpleLineIcons.ttf */ = {isa = PBXFileReference; explicitFileType = undefined; fileEncoding = 9; includeInIndex = 0; lastKnownFileType = unknown; name = SimpleLineIcons.ttf; path = "../node_modules/react-native-vector-icons/Fonts/SimpleLineIcons.ttf"; sourceTree = "<group>"; };
		123A06E6127744688A210850 /* MaterialIcons.ttf */ = {isa = PBXFileReference; explicitFileType = undefined; fileEncoding = 9; includeInIndex = 0; lastKnownFileType = unknown; name = MaterialIcons.ttf; path = "../node_modules/react-native-vector-icons/Fonts/MaterialIcons.ttf"; sourceTree = "<group>"; };
		12801FA8B13B47CFA01AF7E5 /* Montserrat-BlackItalic.ttf */ = {isa = PBXFileReference; explicitFileType = undefined; fileEncoding = 9; includeInIndex = 0; lastKnownFileType = unknown; name = "Montserrat-BlackItalic.ttf"; path = "../src/assets/fonts/Montserrat/Montserrat-BlackItalic.ttf"; sourceTree = "<group>"; };
		13B07F961A680F5B00A75B9A /* RNAnimationsTechugo.app */ = {isa = PBXFileReference; explicitFileType = wrapper.application; includeInIndex = 0; path = RNAnimationsTechugo.app; sourceTree = BUILT_PRODUCTS_DIR; };
		13B07FAF1A68108700A75B9A /* AppDelegate.h */ = {isa = PBXFileReference; fileEncoding = 4; lastKnownFileType = sourcecode.c.h; name = AppDelegate.h; path = SOLOYNC/AppDelegate.h; sourceTree = "<group>"; };
		13B07FB01A68108700A75B9A /* AppDelegate.m */ = {isa = PBXFileReference; fileEncoding = 4; lastKnownFileType = sourcecode.c.objc; name = AppDelegate.m; path = SOLOYNC/AppDelegate.m; sourceTree = "<group>"; };
		13B07FB21A68108700A75B9A /* Base */ = {isa = PBXFileReference; lastKnownFileType = file.xib; name = Base; path = Base.lproj/LaunchScreen.xib; sourceTree = "<group>"; };
		13B07FB61A68108700A75B9A /* Info.plist */ = {isa = PBXFileReference; fileEncoding = 4; lastKnownFileType = text.plist.xml; name = Info.plist; path = SOLOYNC/Info.plist; sourceTree = "<group>"; };
		13B07FB71A68108700A75B9A /* main.m */ = {isa = PBXFileReference; fileEncoding = 4; lastKnownFileType = sourcecode.c.objc; name = main.m; path = SOLOYNC/main.m; sourceTree = "<group>"; };
		17680EC78370417EBBB1ACD3 /* Poppins-SemiBoldItalic.ttf */ = {isa = PBXFileReference; explicitFileType = undefined; fileEncoding = 9; includeInIndex = 0; lastKnownFileType = unknown; name = "Poppins-SemiBoldItalic.ttf"; path = "../assets/fonts/Poppins-SemiBoldItalic.ttf"; sourceTree = "<group>"; };
		1845DB25B2FB4098988B24DD /* Poppins-MediumItalic.ttf */ = {isa = PBXFileReference; explicitFileType = undefined; fileEncoding = 9; includeInIndex = 0; lastKnownFileType = unknown; name = "Poppins-MediumItalic.ttf"; path = "../assets/fonts/Poppins-MediumItalic.ttf"; sourceTree = "<group>"; };
		20F467E82FC94DEE935340DE /* Inter-Bold-slnt=0.ttf */ = {isa = PBXFileReference; explicitFileType = undefined; fileEncoding = 9; includeInIndex = 0; lastKnownFileType = unknown; name = "Inter-Bold-slnt=0.ttf"; path = "../assets/fonts/Inter-Bold-slnt=0.ttf"; sourceTree = "<group>"; };
		212FC9163B944C068B4C67E9 /* NunitoSans-ExtraLightItalic.ttf */ = {isa = PBXFileReference; explicitFileType = undefined; fileEncoding = 9; includeInIndex = 0; lastKnownFileType = unknown; name = "NunitoSans-ExtraLightItalic.ttf"; path = "../assets/fonts/Nunito/NunitoSans-ExtraLightItalic.ttf"; sourceTree = "<group>"; };
		238D971ADB7349A0AC296CFE /* libRangeSlider.a */ = {isa = PBXFileReference; explicitFileType = undefined; fileEncoding = 9; includeInIndex = 0; lastKnownFileType = archive.ar; path = libRangeSlider.a; sourceTree = "<group>"; };
		25C71DE7973746F38CF20FB3 /* NunitoSans-BlackItalic.ttf */ = {isa = PBXFileReference; explicitFileType = undefined; fileEncoding = 9; includeInIndex = 0; lastKnownFileType = unknown; name = "NunitoSans-BlackItalic.ttf"; path = "../assets/fonts/Nunito/NunitoSans-BlackItalic.ttf"; sourceTree = "<group>"; };
		28533987071FAC97D68690C3 /* libPods-SOLOYNC-tvOSTests.a */ = {isa = PBXFileReference; explicitFileType = archive.ar; includeInIndex = 0; path = "libPods-SOLOYNC-tvOSTests.a"; sourceTree = BUILT_PRODUCTS_DIR; };
		2A7FA1A84C484CFB8CB39E4A /* NunitoSans-Black.ttf */ = {isa = PBXFileReference; explicitFileType = undefined; fileEncoding = 9; includeInIndex = 0; lastKnownFileType = unknown; name = "NunitoSans-Black.ttf"; path = "../assets/fonts/Nunito/NunitoSans-Black.ttf"; sourceTree = "<group>"; };
		2B6DD1FEE4AF4F058ABD7D31 /* AvenirLTStd-Black.otf */ = {isa = PBXFileReference; explicitFileType = undefined; fileEncoding = 9; includeInIndex = 0; lastKnownFileType = unknown; name = "AvenirLTStd-Black.otf"; path = "../assets/fonts/AvenirLTStd-Black.otf"; sourceTree = "<group>"; };
		2B85FFF068774C6EA625BC50 /* Montserrat-ExtraBoldItalic.ttf */ = {isa = PBXFileReference; explicitFileType = undefined; fileEncoding = 9; includeInIndex = 0; lastKnownFileType = unknown; name = "Montserrat-ExtraBoldItalic.ttf"; path = "../src/assets/fonts/Montserrat/Montserrat-ExtraBoldItalic.ttf"; sourceTree = "<group>"; };
		2F8F164948C34B0E80C64BCD /* PTSans-Bold.ttf */ = {isa = PBXFileReference; explicitFileType = undefined; fileEncoding = 9; includeInIndex = 0; lastKnownFileType = unknown; name = "PTSans-Bold.ttf"; path = "../assets/fonts/PTSans-Bold.ttf"; sourceTree = "<group>"; };
		3039DEEE8F944C19A3E539D3 /* Octicons.ttf */ = {isa = PBXFileReference; explicitFileType = undefined; fileEncoding = 9; includeInIndex = 0; lastKnownFileType = unknown; name = Octicons.ttf; path = "../node_modules/react-native-vector-icons/Fonts/Octicons.ttf"; sourceTree = "<group>"; };
		3185351FCA53473CA11D6291 /* Poppins-BoldItalic.ttf */ = {isa = PBXFileReference; explicitFileType = undefined; fileEncoding = 9; includeInIndex = 0; lastKnownFileType = unknown; name = "Poppins-BoldItalic.ttf"; path = "../assets/fonts/Poppins-BoldItalic.ttf"; sourceTree = "<group>"; };
		3425FE52A8804E56993925B1 /* Inter-Medium-slnt=0.ttf */ = {isa = PBXFileReference; explicitFileType = undefined; fileEncoding = 9; includeInIndex = 0; lastKnownFileType = unknown; name = "Inter-Medium-slnt=0.ttf"; path = "../assets/fonts/Inter-Medium-slnt=0.ttf"; sourceTree = "<group>"; };
		348FAED5D0B04F59B8384579 /* Montserrat-LightItalic.ttf */ = {isa = PBXFileReference; explicitFileType = undefined; fileEncoding = 9; includeInIndex = 0; lastKnownFileType = unknown; name = "Montserrat-LightItalic.ttf"; path = "../src/assets/fonts/Montserrat/Montserrat-LightItalic.ttf"; sourceTree = "<group>"; };
		3A6B888B67FA43BAA04A5EAF /* Montserrat-SemiBold.ttf */ = {isa = PBXFileReference; explicitFileType = undefined; fileEncoding = 9; includeInIndex = 0; lastKnownFileType = unknown; name = "Montserrat-SemiBold.ttf"; path = "../src/assets/fonts/Montserrat/Montserrat-SemiBold.ttf"; sourceTree = "<group>"; };
		3CCC89C466354B6ABA515108 /* NunitoSans-Bold.ttf */ = {isa = PBXFileReference; explicitFileType = undefined; fileEncoding = 9; includeInIndex = 0; lastKnownFileType = unknown; name = "NunitoSans-Bold.ttf"; path = "../assets/fonts/Nunito/NunitoSans-Bold.ttf"; sourceTree = "<group>"; };
		3EE343825AAB46DBAE5985A3 /* Feather.ttf */ = {isa = PBXFileReference; explicitFileType = undefined; fileEncoding = 9; includeInIndex = 0; lastKnownFileType = unknown; name = Feather.ttf; path = "../node_modules/react-native-vector-icons/Fonts/Feather.ttf"; sourceTree = "<group>"; };
		3F3634C8C50147C1B5E74DAB /* Inter-Black-slnt=0.ttf */ = {isa = PBXFileReference; explicitFileType = undefined; fileEncoding = 9; includeInIndex = 0; lastKnownFileType = unknown; name = "Inter-Black-slnt=0.ttf"; path = "../assets/fonts/Inter-Black-slnt=0.ttf"; sourceTree = "<group>"; };
		42232F5A46444DEDB3884B94 /* NunitoSans-SemiBoldItalic.ttf */ = {isa = PBXFileReference; explicitFileType = undefined; fileEncoding = 9; includeInIndex = 0; lastKnownFileType = unknown; name = "NunitoSans-SemiBoldItalic.ttf"; path = "../assets/fonts/Nunito/NunitoSans-SemiBoldItalic.ttf"; sourceTree = "<group>"; };
		45545C1D78D74305BC680B14 /* Inter-ExtraBold-slnt=0.ttf */ = {isa = PBXFileReference; explicitFileType = undefined; fileEncoding = 9; includeInIndex = 0; lastKnownFileType = unknown; name = "Inter-ExtraBold-slnt=0.ttf"; path = "../assets/fonts/Inter-ExtraBold-slnt=0.ttf"; sourceTree = "<group>"; };
		46821DAE63474AE7A47C7541 /* RangeSlider.xcodeproj */ = {isa = PBXFileReference; explicitFileType = undefined; fileEncoding = 9; includeInIndex = 0; lastKnownFileType = "wrapper.pb-project"; name = RangeSlider.xcodeproj; path = "../node_modules/react-native-range-slider/ios/RangeSlider.xcodeproj"; sourceTree = "<group>"; };
		4D0D6D2262534A09BA968DD5 /* Inter-Thin-slnt=0.ttf */ = {isa = PBXFileReference; explicitFileType = undefined; fileEncoding = 9; includeInIndex = 0; lastKnownFileType = unknown; name = "Inter-Thin-slnt=0.ttf"; path = "../assets/fonts/Inter-Thin-slnt=0.ttf"; sourceTree = "<group>"; };
		52DBA9366EA749978E93E077 /* Inter-Bold-slnt.ttf */ = {isa = PBXFileReference; explicitFileType = undefined; fileEncoding = 9; includeInIndex = 0; lastKnownFileType = unknown; name = "Inter-Bold-slnt.ttf"; path = "../assets/fonts/Inter-Bold-slnt.ttf"; sourceTree = "<group>"; };
		54A749D101DD436BA7B4D0CC /* Montserrat-Thin.ttf */ = {isa = PBXFileReference; explicitFileType = undefined; fileEncoding = 9; includeInIndex = 0; lastKnownFileType = unknown; name = "Montserrat-Thin.ttf"; path = "../src/assets/fonts/Montserrat/Montserrat-Thin.ttf"; sourceTree = "<group>"; };
		5763EB2C7A874E4BBBA52EA6 /* AvenirLTStd-Book.otf */ = {isa = PBXFileReference; explicitFileType = undefined; fileEncoding = 9; includeInIndex = 0; lastKnownFileType = unknown; name = "AvenirLTStd-Book.otf"; path = "../assets/fonts/AvenirLTStd-Book.otf"; sourceTree = "<group>"; };
		6511ABF5006442649662BFC0 /* Foundation.ttf */ = {isa = PBXFileReference; explicitFileType = undefined; fileEncoding = 9; includeInIndex = 0; lastKnownFileType = unknown; name = Foundation.ttf; path = "../node_modules/react-native-vector-icons/Fonts/Foundation.ttf"; sourceTree = "<group>"; };
		65CEE439D0C0D5CB244D998E /* Pods-SOLOYNC-tvOSTests.debug.xcconfig */ = {isa = PBXFileReference; includeInIndex = 1; lastKnownFileType = text.xcconfig; name = "Pods-SOLOYNC-tvOSTests.debug.xcconfig"; path = "Target Support Files/Pods-SOLOYNC-tvOSTests/Pods-SOLOYNC-tvOSTests.debug.xcconfig"; sourceTree = "<group>"; };
		6642A3FAF911463C85B483DB /* Poppins-ExtraBoldItalic.ttf */ = {isa = PBXFileReference; explicitFileType = undefined; fileEncoding = 9; includeInIndex = 0; lastKnownFileType = unknown; name = "Poppins-ExtraBoldItalic.ttf"; path = "../assets/fonts/Poppins-ExtraBoldItalic.ttf"; sourceTree = "<group>"; };
		66DEFE93F7E44F3EB8DD0F97 /* Poppins-Regular.ttf */ = {isa = PBXFileReference; explicitFileType = undefined; fileEncoding = 9; includeInIndex = 0; lastKnownFileType = unknown; name = "Poppins-Regular.ttf"; path = "../assets/fonts/Poppins-Regular.ttf"; sourceTree = "<group>"; };
		6F44F53BFF3E490BAD60C704 /* NunitoSans-SemiBold.ttf */ = {isa = PBXFileReference; explicitFileType = undefined; fileEncoding = 9; includeInIndex = 0; lastKnownFileType = unknown; name = "NunitoSans-SemiBold.ttf"; path = "../assets/fonts/Nunito/NunitoSans-SemiBold.ttf"; sourceTree = "<group>"; };
		70EEB9C1007E4E768814E09F /* FontAwesome5_Solid.ttf */ = {isa = PBXFileReference; explicitFileType = undefined; fileEncoding = 9; includeInIndex = 0; lastKnownFileType = unknown; name = FontAwesome5_Solid.ttf; path = "../node_modules/react-native-vector-icons/Fonts/FontAwesome5_Solid.ttf"; sourceTree = "<group>"; };
		71F399456DC747AEA36C8E7B /* AvenirLTStd-BookOblique.otf */ = {isa = PBXFileReference; explicitFileType = undefined; fileEncoding = 9; includeInIndex = 0; lastKnownFileType = unknown; name = "AvenirLTStd-BookOblique.otf"; path = "../assets/fonts/AvenirLTStd-BookOblique.otf"; sourceTree = "<group>"; };
		73268CF2870DB7026EA389CD /* Pods-SOLOYNC-tvOS.debug.xcconfig */ = {isa = PBXFileReference; includeInIndex = 1; lastKnownFileType = text.xcconfig; name = "Pods-SOLOYNC-tvOS.debug.xcconfig"; path = "Target Support Files/Pods-SOLOYNC-tvOS/Pods-SOLOYNC-tvOS.debug.xcconfig"; sourceTree = "<group>"; };
		7B156ADBBD0379DC72431713 /* libPods-SOLOYNCTests.a */ = {isa = PBXFileReference; explicitFileType = archive.ar; includeInIndex = 0; path = "libPods-SOLOYNCTests.a"; sourceTree = BUILT_PRODUCTS_DIR; };
		7CAF41BA9B18450AAB39821E /* Ionicons.ttf */ = {isa = PBXFileReference; explicitFileType = undefined; fileEncoding = 9; includeInIndex = 0; lastKnownFileType = unknown; name = Ionicons.ttf; path = "../node_modules/react-native-vector-icons/Fonts/Ionicons.ttf"; sourceTree = "<group>"; };
		81FDC4F00487C2B873CD4481 /* Pods-SOLOYNC.release.xcconfig */ = {isa = PBXFileReference; includeInIndex = 1; lastKnownFileType = text.xcconfig; name = "Pods-SOLOYNC.release.xcconfig"; path = "Target Support Files/Pods-SOLOYNC/Pods-SOLOYNC.release.xcconfig"; sourceTree = "<group>"; };
		844AE551BF6744D6BD899604 /* Montserrat-ExtraLightItalic.ttf */ = {isa = PBXFileReference; explicitFileType = undefined; fileEncoding = 9; includeInIndex = 0; lastKnownFileType = unknown; name = "Montserrat-ExtraLightItalic.ttf"; path = "../src/assets/fonts/Montserrat/Montserrat-ExtraLightItalic.ttf"; sourceTree = "<group>"; };
		85A24226358A47C79B094DD9 /* Poppins-Bold.ttf */ = {isa = PBXFileReference; explicitFileType = undefined; fileEncoding = 9; includeInIndex = 0; lastKnownFileType = unknown; name = "Poppins-Bold.ttf"; path = "../assets/fonts/Poppins-Bold.ttf"; sourceTree = "<group>"; };
		86C2E5D6FC94BB4A55375A20 /* Pods-SOLOYNC.debug.xcconfig */ = {isa = PBXFileReference; includeInIndex = 1; lastKnownFileType = text.xcconfig; name = "Pods-SOLOYNC.debug.xcconfig"; path = "Target Support Files/Pods-SOLOYNC/Pods-SOLOYNC.debug.xcconfig"; sourceTree = "<group>"; };
		87807BD51ABA467F9DD310C0 /* AvenirLTStd-Heavy.otf */ = {isa = PBXFileReference; explicitFileType = undefined; fileEncoding = 9; includeInIndex = 0; lastKnownFileType = unknown; name = "AvenirLTStd-Heavy.otf"; path = "../assets/fonts/AvenirLTStd-Heavy.otf"; sourceTree = "<group>"; };
		8C6771D4454B36BBCE9C6B0D /* libPods-SOLOYNC-tvOS.a */ = {isa = PBXFileReference; explicitFileType = archive.ar; includeInIndex = 0; path = "libPods-SOLOYNC-tvOS.a"; sourceTree = BUILT_PRODUCTS_DIR; };
		8D0CE2152F54467DA31C37E8 /* Montserrat-BoldItalic.ttf */ = {isa = PBXFileReference; explicitFileType = undefined; fileEncoding = 9; includeInIndex = 0; lastKnownFileType = unknown; name = "Montserrat-BoldItalic.ttf"; path = "../src/assets/fonts/Montserrat/Montserrat-BoldItalic.ttf"; sourceTree = "<group>"; };
		8DB10CEA17F04103BD76AE63 /* Poppins-Italic.ttf */ = {isa = PBXFileReference; explicitFileType = undefined; fileEncoding = 9; includeInIndex = 0; lastKnownFileType = unknown; name = "Poppins-Italic.ttf"; path = "../assets/fonts/Poppins-Italic.ttf"; sourceTree = "<group>"; };
		90EB344A5B3844156CD594A0 /* Pods-SOLOYNC-tvOS.release.xcconfig */ = {isa = PBXFileReference; includeInIndex = 1; lastKnownFileType = text.xcconfig; name = "Pods-SOLOYNC-tvOS.release.xcconfig"; path = "Target Support Files/Pods-SOLOYNC-tvOS/Pods-SOLOYNC-tvOS.release.xcconfig"; sourceTree = "<group>"; };
		9688520441FC4D1E84B15FEF /* NunitoSans-Regular.ttf */ = {isa = PBXFileReference; explicitFileType = undefined; fileEncoding = 9; includeInIndex = 0; lastKnownFileType = unknown; name = "NunitoSans-Regular.ttf"; path = "../assets/fonts/Nunito/NunitoSans-Regular.ttf"; sourceTree = "<group>"; };
		9787BEABBEB44A2D8F88D5AE /* Montserrat-ExtraLight.ttf */ = {isa = PBXFileReference; explicitFileType = undefined; fileEncoding = 9; includeInIndex = 0; lastKnownFileType = unknown; name = "Montserrat-ExtraLight.ttf"; path = "../src/assets/fonts/Montserrat/Montserrat-ExtraLight.ttf"; sourceTree = "<group>"; };
		97921FA086B14BF7B008E209 /* Poppins-ExtraBold.ttf */ = {isa = PBXFileReference; explicitFileType = undefined; fileEncoding = 9; includeInIndex = 0; lastKnownFileType = unknown; name = "Poppins-ExtraBold.ttf"; path = "../assets/fonts/Poppins-ExtraBold.ttf"; sourceTree = "<group>"; };
		984C882A35B249C0B63D0138 /* FontAwesome5_Brands.ttf */ = {isa = PBXFileReference; explicitFileType = undefined; fileEncoding = 9; includeInIndex = 0; lastKnownFileType = unknown; name = FontAwesome5_Brands.ttf; path = "../node_modules/react-native-vector-icons/Fonts/FontAwesome5_Brands.ttf"; sourceTree = "<group>"; };
		994816E0711144E4B955E4E3 /* Inter-Regular-slnt.ttf */ = {isa = PBXFileReference; explicitFileType = undefined; fileEncoding = 9; includeInIndex = 0; lastKnownFileType = unknown; name = "Inter-Regular-slnt.ttf"; path = "../assets/fonts/Inter-Regular-slnt.ttf"; sourceTree = "<group>"; };
		9A5298ED4EE04B329FCBCCA8 /* Inter-Regular-slnt=0.ttf */ = {isa = PBXFileReference; explicitFileType = undefined; fileEncoding = 9; includeInIndex = 0; lastKnownFileType = unknown; name = "Inter-Regular-slnt=0.ttf"; path = "../assets/fonts/Inter-Regular-slnt=0.ttf"; sourceTree = "<group>"; };
		9DA229B46DC74C44A88D878C /* Montserrat-MediumItalic.ttf */ = {isa = PBXFileReference; explicitFileType = undefined; fileEncoding = 9; includeInIndex = 0; lastKnownFileType = unknown; name = "Montserrat-MediumItalic.ttf"; path = "../src/assets/fonts/Montserrat/Montserrat-MediumItalic.ttf"; sourceTree = "<group>"; };
		9FD0CD772EB8444097518FAA /* Poppins-ExtraLightItalic.ttf */ = {isa = PBXFileReference; explicitFileType = undefined; fileEncoding = 9; includeInIndex = 0; lastKnownFileType = unknown; name = "Poppins-ExtraLightItalic.ttf"; path = "../assets/fonts/Poppins-ExtraLightItalic.ttf"; sourceTree = "<group>"; };
		A689E98ABA7B4340B47BBEEC /* Poppins-Black.ttf */ = {isa = PBXFileReference; explicitFileType = undefined; fileEncoding = 9; includeInIndex = 0; lastKnownFileType = unknown; name = "Poppins-Black.ttf"; path = "../assets/fonts/Poppins-Black.ttf"; sourceTree = "<group>"; };
		A96ADD5678EC4C8FB5A5E827 /* Inter-ExtraLight-slnt.ttf */ = {isa = PBXFileReference; explicitFileType = undefined; fileEncoding = 9; includeInIndex = 0; lastKnownFileType = unknown; name = "Inter-ExtraLight-slnt.ttf"; path = "../assets/fonts/Inter-ExtraLight-slnt.ttf"; sourceTree = "<group>"; };
		ADDF796EC4644A909716286B /* PTSans-Italic.ttf */ = {isa = PBXFileReference; explicitFileType = undefined; fileEncoding = 9; includeInIndex = 0; lastKnownFileType = unknown; name = "PTSans-Italic.ttf"; path = "../assets/fonts/PTSans-Italic.ttf"; sourceTree = "<group>"; };
		B16A2D0137984C3684FDA3B2 /* NunitoSans-BoldItalic.ttf */ = {isa = PBXFileReference; explicitFileType = undefined; fileEncoding = 9; includeInIndex = 0; lastKnownFileType = unknown; name = "NunitoSans-BoldItalic.ttf"; path = "../assets/fonts/Nunito/NunitoSans-BoldItalic.ttf"; sourceTree = "<group>"; };
		B4BA33A2AE6C47F1BE3ABF55 /* Poppins-Medium.ttf */ = {isa = PBXFileReference; explicitFileType = undefined; fileEncoding = 9; includeInIndex = 0; lastKnownFileType = unknown; name = "Poppins-Medium.ttf"; path = "../assets/fonts/Poppins-Medium.ttf"; sourceTree = "<group>"; };
		B60AD4AE834142F19ACD152F /* Inter-Black-slnt.ttf */ = {isa = PBXFileReference; explicitFileType = undefined; fileEncoding = 9; includeInIndex = 0; lastKnownFileType = unknown; name = "Inter-Black-slnt.ttf"; path = "../assets/fonts/Inter-Black-slnt.ttf"; sourceTree = "<group>"; };
		B64B732929184E6EAC5EF29E /* PTSans-BoldItalic.ttf */ = {isa = PBXFileReference; explicitFileType = undefined; fileEncoding = 9; includeInIndex = 0; lastKnownFileType = unknown; name = "PTSans-BoldItalic.ttf"; path = "../assets/fonts/PTSans-BoldItalic.ttf"; sourceTree = "<group>"; };
		B9990EBD2C954A2B96E02F22 /* Poppins-ExtraLight.ttf */ = {isa = PBXFileReference; explicitFileType = undefined; fileEncoding = 9; includeInIndex = 0; lastKnownFileType = unknown; name = "Poppins-ExtraLight.ttf"; path = "../assets/fonts/Poppins-ExtraLight.ttf"; sourceTree = "<group>"; };
		BB2CED8B7CD6466A928D353A /* Montserrat-ExtraBold.ttf */ = {isa = PBXFileReference; explicitFileType = undefined; fileEncoding = 9; includeInIndex = 0; lastKnownFileType = unknown; name = "Montserrat-ExtraBold.ttf"; path = "../src/assets/fonts/Montserrat/Montserrat-ExtraBold.ttf"; sourceTree = "<group>"; };
		BCC65E116DB6472AB3AA8D8F /* NunitoSans-Light.ttf */ = {isa = PBXFileReference; explicitFileType = undefined; fileEncoding = 9; includeInIndex = 0; lastKnownFileType = unknown; name = "NunitoSans-Light.ttf"; path = "../assets/fonts/Nunito/NunitoSans-Light.ttf"; sourceTree = "<group>"; };
		BD503AAB55CC40DB842DED9C /* AvenirLTStd-Roman.otf */ = {isa = PBXFileReference; explicitFileType = undefined; fileEncoding = 9; includeInIndex = 0; lastKnownFileType = unknown; name = "AvenirLTStd-Roman.otf"; path = "../assets/fonts/AvenirLTStd-Roman.otf"; sourceTree = "<group>"; };
		BE0D1024B6F64540B569D66D /* Inter-SemiBold-slnt.ttf */ = {isa = PBXFileReference; explicitFileType = undefined; fileEncoding = 9; includeInIndex = 0; lastKnownFileType = unknown; name = "Inter-SemiBold-slnt.ttf"; path = "../assets/fonts/Inter-SemiBold-slnt.ttf"; sourceTree = "<group>"; };
		BFA87AD7F95F4AE9BD952493 /* Montserrat-SemiBoldItalic.ttf */ = {isa = PBXFileReference; explicitFileType = undefined; fileEncoding = 9; includeInIndex = 0; lastKnownFileType = unknown; name = "Montserrat-SemiBoldItalic.ttf"; path = "../src/assets/fonts/Montserrat/Montserrat-SemiBoldItalic.ttf"; sourceTree = "<group>"; };
		C0637B1359824E418C8DD794 /* MaterialCommunityIcons.ttf */ = {isa = PBXFileReference; explicitFileType = undefined; fileEncoding = 9; includeInIndex = 0; lastKnownFileType = unknown; name = MaterialCommunityIcons.ttf; path = "../node_modules/react-native-vector-icons/Fonts/MaterialCommunityIcons.ttf"; sourceTree = "<group>"; };
		C0C4AB1B38AB4121A3AD7605 /* NunitoSans-ExtraBold.ttf */ = {isa = PBXFileReference; explicitFileType = undefined; fileEncoding = 9; includeInIndex = 0; lastKnownFileType = unknown; name = "NunitoSans-ExtraBold.ttf"; path = "../assets/fonts/Nunito/NunitoSans-ExtraBold.ttf"; sourceTree = "<group>"; };
		C1C898CBAD674C529C0D0CB8 /* Montserrat-ThinItalic.ttf */ = {isa = PBXFileReference; explicitFileType = undefined; fileEncoding = 9; includeInIndex = 0; lastKnownFileType = unknown; name = "Montserrat-ThinItalic.ttf"; path = "../src/assets/fonts/Montserrat/Montserrat-ThinItalic.ttf"; sourceTree = "<group>"; };
		C47B1AA0F4AD493AB68907DC /* Montserrat-RegularItalic.ttf */ = {isa = PBXFileReference; explicitFileType = undefined; fileEncoding = 9; includeInIndex = 0; lastKnownFileType = unknown; name = "Montserrat-RegularItalic.ttf"; path = "../src/assets/fonts/Montserrat/Montserrat-RegularItalic.ttf"; sourceTree = "<group>"; };
		C6CE363EDEF64D698A250A93 /* PTSans-Regular.ttf */ = {isa = PBXFileReference; explicitFileType = undefined; fileEncoding = 9; includeInIndex = 0; lastKnownFileType = unknown; name = "PTSans-Regular.ttf"; path = "../assets/fonts/PTSans-Regular.ttf"; sourceTree = "<group>"; };
		CBC0DD5604D44591AF2DBF22 /* libimageCropPicker.a */ = {isa = PBXFileReference; explicitFileType = undefined; fileEncoding = 9; includeInIndex = 0; lastKnownFileType = archive.ar; path = libimageCropPicker.a; sourceTree = "<group>"; };
		D1690284862446BA9C80B12D /* Inter-Medium-slnt.ttf */ = {isa = PBXFileReference; explicitFileType = undefined; fileEncoding = 9; includeInIndex = 0; lastKnownFileType = unknown; name = "Inter-Medium-slnt.ttf"; path = "../assets/fonts/Inter-Medium-slnt.ttf"; sourceTree = "<group>"; };
		D1C6B637FE5E4030928337A5 /* FontAwesome.ttf */ = {isa = PBXFileReference; explicitFileType = undefined; fileEncoding = 9; includeInIndex = 0; lastKnownFileType = unknown; name = FontAwesome.ttf; path = "../node_modules/react-native-vector-icons/Fonts/FontAwesome.ttf"; sourceTree = "<group>"; };
		D2B33482AB2B4D6D8B07810B /* NunitoSans-Italic.ttf */ = {isa = PBXFileReference; explicitFileType = undefined; fileEncoding = 9; includeInIndex = 0; lastKnownFileType = unknown; name = "NunitoSans-Italic.ttf"; path = "../assets/fonts/Nunito/NunitoSans-Italic.ttf"; sourceTree = "<group>"; };
		D505065415D84EFAA8DF993C /* AvenirLTStd-LightOblique.otf */ = {isa = PBXFileReference; explicitFileType = undefined; fileEncoding = 9; includeInIndex = 0; lastKnownFileType = unknown; name = "AvenirLTStd-LightOblique.otf"; path = "../assets/fonts/AvenirLTStd-LightOblique.otf"; sourceTree = "<group>"; };
		D5986B128AAF46368AB0BAC5 /* Entypo.ttf */ = {isa = PBXFileReference; explicitFileType = undefined; fileEncoding = 9; includeInIndex = 0; lastKnownFileType = unknown; name = Entypo.ttf; path = "../node_modules/react-native-vector-icons/Fonts/Entypo.ttf"; sourceTree = "<group>"; };
		D5C7F0287FFE4FFA806EB31F /* EvilIcons.ttf */ = {isa = PBXFileReference; explicitFileType = undefined; fileEncoding = 9; includeInIndex = 0; lastKnownFileType = unknown; name = EvilIcons.ttf; path = "../node_modules/react-native-vector-icons/Fonts/EvilIcons.ttf"; sourceTree = "<group>"; };
		D692C4A224DAC10300A52D25 /* TagMango.entitlements */ = {isa = PBXFileReference; lastKnownFileType = text.plist.entitlements; name = TagMango.entitlements; path = SOLOYNC/TagMango.entitlements; sourceTree = "<group>"; };
		D860325AA6B44ECDB91C23B6 /* Inter-ExtraLight-slnt=0.ttf */ = {isa = PBXFileReference; explicitFileType = undefined; fileEncoding = 9; includeInIndex = 0; lastKnownFileType = unknown; name = "Inter-ExtraLight-slnt=0.ttf"; path = "../assets/fonts/Inter-ExtraLight-slnt=0.ttf"; sourceTree = "<group>"; };
		D8BCCC0ECE504570893CB182 /* Poppins-BlackItalic.ttf */ = {isa = PBXFileReference; explicitFileType = undefined; fileEncoding = 9; includeInIndex = 0; lastKnownFileType = unknown; name = "Poppins-BlackItalic.ttf"; path = "../assets/fonts/Poppins-BlackItalic.ttf"; sourceTree = "<group>"; };
		D96C6F1FA5A44607BF0B11E5 /* Poppins-LightItalic.ttf */ = {isa = PBXFileReference; explicitFileType = undefined; fileEncoding = 9; includeInIndex = 0; lastKnownFileType = unknown; name = "Poppins-LightItalic.ttf"; path = "../assets/fonts/Poppins-LightItalic.ttf"; sourceTree = "<group>"; };
		DB53A97776F345F49C24192E /* Poppins-Thin.ttf */ = {isa = PBXFileReference; explicitFileType = undefined; fileEncoding = 9; includeInIndex = 0; lastKnownFileType = unknown; name = "Poppins-Thin.ttf"; path = "../assets/fonts/Poppins-Thin.ttf"; sourceTree = "<group>"; };
		DCAEA20FDB1D42DBB2045E77 /* AvenirLTStd-HeavyOblique.otf */ = {isa = PBXFileReference; explicitFileType = undefined; fileEncoding = 9; includeInIndex = 0; lastKnownFileType = unknown; name = "AvenirLTStd-HeavyOblique.otf"; path = "../assets/fonts/AvenirLTStd-HeavyOblique.otf"; sourceTree = "<group>"; };
		DDE2517F66AD4CB3B6DC1ABE /* AvenirLTStd-Light.otf */ = {isa = PBXFileReference; explicitFileType = undefined; fileEncoding = 9; includeInIndex = 0; lastKnownFileType = unknown; name = "AvenirLTStd-Light.otf"; path = "../assets/fonts/AvenirLTStd-Light.otf"; sourceTree = "<group>"; };
		E1DB216980328F331DA45CCF /* libPods-SOLOYNC.a */ = {isa = PBXFileReference; explicitFileType = archive.ar; includeInIndex = 0; path = "libPods-SOLOYNC.a"; sourceTree = BUILT_PRODUCTS_DIR; };
		E1FFB00C1C9A4107843FDE53 /* FontAwesome5_Regular.ttf */ = {isa = PBXFileReference; explicitFileType = undefined; fileEncoding = 9; includeInIndex = 0; lastKnownFileType = unknown; name = FontAwesome5_Regular.ttf; path = "../node_modules/react-native-vector-icons/Fonts/FontAwesome5_Regular.ttf"; sourceTree = "<group>"; };
		E21DC8501D8A152E67C5C49E /* Pods-SOLOYNC-tvOSTests.release.xcconfig */ = {isa = PBXFileReference; includeInIndex = 1; lastKnownFileType = text.xcconfig; name = "Pods-SOLOYNC-tvOSTests.release.xcconfig"; path = "Target Support Files/Pods-SOLOYNC-tvOSTests/Pods-SOLOYNC-tvOSTests.release.xcconfig"; sourceTree = "<group>"; };
		E297A03E0C8F471DAD8455EB /* Poppins-Light.ttf */ = {isa = PBXFileReference; explicitFileType = undefined; fileEncoding = 9; includeInIndex = 0; lastKnownFileType = unknown; name = "Poppins-Light.ttf"; path = "../assets/fonts/Poppins-Light.ttf"; sourceTree = "<group>"; };
		E4261A0C7EAA4FA8A84DD2DE /* Montserrat-Light.ttf */ = {isa = PBXFileReference; explicitFileType = undefined; fileEncoding = 9; includeInIndex = 0; lastKnownFileType = unknown; name = "Montserrat-Light.ttf"; path = "../src/assets/fonts/Montserrat/Montserrat-Light.ttf"; sourceTree = "<group>"; };
		E4939493A19C4DE9B47C1BD4 /* NunitoSans-ExtraBoldItalic.ttf */ = {isa = PBXFileReference; explicitFileType = undefined; fileEncoding = 9; includeInIndex = 0; lastKnownFileType = unknown; name = "NunitoSans-ExtraBoldItalic.ttf"; path = "../assets/fonts/Nunito/NunitoSans-ExtraBoldItalic.ttf"; sourceTree = "<group>"; };
		E4DBA6C60BF54F9E943A8AA3 /* NunitoSans-ExtraLight.ttf */ = {isa = PBXFileReference; explicitFileType = undefined; fileEncoding = 9; includeInIndex = 0; lastKnownFileType = unknown; name = "NunitoSans-ExtraLight.ttf"; path = "../assets/fonts/Nunito/NunitoSans-ExtraLight.ttf"; sourceTree = "<group>"; };
		E4E3D6EADF284DD19027BA4F /* Montserrat-Regular.ttf */ = {isa = PBXFileReference; explicitFileType = undefined; fileEncoding = 9; includeInIndex = 0; lastKnownFileType = unknown; name = "Montserrat-Regular.ttf"; path = "../src/assets/fonts/Montserrat/Montserrat-Regular.ttf"; sourceTree = "<group>"; };
		E74E9D44ABC24B59955392F3 /* Fontisto.ttf */ = {isa = PBXFileReference; explicitFileType = undefined; fileEncoding = 9; includeInIndex = 0; lastKnownFileType = unknown; name = Fontisto.ttf; path = "../node_modules/react-native-vector-icons/Fonts/Fontisto.ttf"; sourceTree = "<group>"; };
		E946E04973084643843721AF /* Poppins-SemiBold.ttf */ = {isa = PBXFileReference; explicitFileType = undefined; fileEncoding = 9; includeInIndex = 0; lastKnownFileType = unknown; name = "Poppins-SemiBold.ttf"; path = "../assets/fonts/Poppins-SemiBold.ttf"; sourceTree = "<group>"; };
		E9E47404A3934924A38CDFBD /* Inter-Light-slnt=0.ttf */ = {isa = PBXFileReference; explicitFileType = undefined; fileEncoding = 9; includeInIndex = 0; lastKnownFileType = unknown; name = "Inter-Light-slnt=0.ttf"; path = "../assets/fonts/Inter-Light-slnt=0.ttf"; sourceTree = "<group>"; };
		EA254B35E81B41D6888D796E /* AvenirLTStd-MediumOblique.otf */ = {isa = PBXFileReference; explicitFileType = undefined; fileEncoding = 9; includeInIndex = 0; lastKnownFileType = unknown; name = "AvenirLTStd-MediumOblique.otf"; path = "../assets/fonts/AvenirLTStd-MediumOblique.otf"; sourceTree = "<group>"; };
		EAAB0AD54376405AB9EBC3D6 /* AvenirLTStd-Oblique.otf */ = {isa = PBXFileReference; explicitFileType = undefined; fileEncoding = 9; includeInIndex = 0; lastKnownFileType = unknown; name = "AvenirLTStd-Oblique.otf"; path = "../assets/fonts/AvenirLTStd-Oblique.otf"; sourceTree = "<group>"; };
		ED297162215061F000B7C4FE /* JavaScriptCore.framework */ = {isa = PBXFileReference; lastKnownFileType = wrapper.framework; name = JavaScriptCore.framework; path = System/Library/Frameworks/JavaScriptCore.framework; sourceTree = SDKROOT; };
		ED2971642150620600B7C4FE /* JavaScriptCore.framework */ = {isa = PBXFileReference; lastKnownFileType = wrapper.framework; name = JavaScriptCore.framework; path = Platforms/AppleTVOS.platform/Developer/SDKs/AppleTVOS12.0.sdk/System/Library/Frameworks/JavaScriptCore.framework; sourceTree = DEVELOPER_DIR; };
		ED52A72D21BA41709BE446BB /* NunitoSans-LightItalic.ttf */ = {isa = PBXFileReference; explicitFileType = undefined; fileEncoding = 9; includeInIndex = 0; lastKnownFileType = unknown; name = "NunitoSans-LightItalic.ttf"; path = "../assets/fonts/Nunito/NunitoSans-LightItalic.ttf"; sourceTree = "<group>"; };
		EFF2BDA79C4740738BEA3559 /* Inter-SemiBold-slnt=0.ttf */ = {isa = PBXFileReference; explicitFileType = undefined; fileEncoding = 9; includeInIndex = 0; lastKnownFileType = unknown; name = "Inter-SemiBold-slnt=0.ttf"; path = "../assets/fonts/Inter-SemiBold-slnt=0.ttf"; sourceTree = "<group>"; };
		F0CC7D53006049C6BEBD34FB /* Inter-Light-slnt.ttf */ = {isa = PBXFileReference; explicitFileType = undefined; fileEncoding = 9; includeInIndex = 0; lastKnownFileType = unknown; name = "Inter-Light-slnt.ttf"; path = "../assets/fonts/Inter-Light-slnt.ttf"; sourceTree = "<group>"; };
		F0EFB4F3C237E4003440002F /* Pods-SOLOYNCTests.debug.xcconfig */ = {isa = PBXFileReference; includeInIndex = 1; lastKnownFileType = text.xcconfig; name = "Pods-SOLOYNCTests.debug.xcconfig"; path = "Target Support Files/Pods-SOLOYNCTests/Pods-SOLOYNCTests.debug.xcconfig"; sourceTree = "<group>"; };
		F34A11CC168847AF952320AF /* Inter-ExtraBold-slnt.ttf */ = {isa = PBXFileReference; explicitFileType = undefined; fileEncoding = 9; includeInIndex = 0; lastKnownFileType = unknown; name = "Inter-ExtraBold-slnt.ttf"; path = "../assets/fonts/Inter-ExtraBold-slnt.ttf"; sourceTree = "<group>"; };
		F5A7BFBCD1044DA5800E1FD2 /* Montserrat-Black.ttf */ = {isa = PBXFileReference; explicitFileType = undefined; fileEncoding = 9; includeInIndex = 0; lastKnownFileType = unknown; name = "Montserrat-Black.ttf"; path = "../src/assets/fonts/Montserrat/Montserrat-Black.ttf"; sourceTree = "<group>"; };
		FC2A5C6B31C55D89E8C05274 /* Pods-SOLOYNCTests.release.xcconfig */ = {isa = PBXFileReference; includeInIndex = 1; lastKnownFileType = text.xcconfig; name = "Pods-SOLOYNCTests.release.xcconfig"; path = "Target Support Files/Pods-SOLOYNCTests/Pods-SOLOYNCTests.release.xcconfig"; sourceTree = "<group>"; };
		FFA4FB939D23499D8DC9C509 /* Zocial.ttf */ = {isa = PBXFileReference; explicitFileType = undefined; fileEncoding = 9; includeInIndex = 0; lastKnownFileType = unknown; name = Zocial.ttf; path = "../node_modules/react-native-vector-icons/Fonts/Zocial.ttf"; sourceTree = "<group>"; };
/* End PBXFileReference section */

/* Begin PBXFrameworksBuildPhase section */
		13B07F8C1A680F5B00A75B9A /* Frameworks */ = {
			isa = PBXFrameworksBuildPhase;
			buildActionMask = 2147483647;
			files = (
				325BC41A8FB8A80E5AE2D3D4 /* libPods-SOLOYNC.a in Frameworks */,
			);
			runOnlyForDeploymentPostprocessing = 0;
		};
/* End PBXFrameworksBuildPhase section */

/* Begin PBXGroup section */
		00E356EF1AD99517003FC87E /* SOLOYNCTests */ = {
			isa = PBXGroup;
			children = (
				00E356F21AD99517003FC87E /* SOLOYNCTests.m */,
				00E356F01AD99517003FC87E /* Supporting Files */,
			);
			path = SOLOYNCTests;
			sourceTree = "<group>";
		};
		00E356F01AD99517003FC87E /* Supporting Files */ = {
			isa = PBXGroup;
			children = (
				00E356F11AD99517003FC87E /* Info.plist */,
			);
			name = "Supporting Files";
			sourceTree = "<group>";
		};
		07118B87243E28BA0098A6D8 /* Products */ = {
			isa = PBXGroup;
			children = (
				07118B8D243E28BB0098A6D8 /* libRangeSlider.a */,
			);
			name = Products;
			sourceTree = "<group>";
		};
		12DAC21D2327783E005C8D02 /* Recovered References */ = {
			isa = PBXGroup;
			children = (
				CBC0DD5604D44591AF2DBF22 /* libimageCropPicker.a */,
				238D971ADB7349A0AC296CFE /* libRangeSlider.a */,
			);
			name = "Recovered References";
			sourceTree = "<group>";
		};
		13B07FAE1A68108700A75B9A /* SOLOYNC */ = {
			isa = PBXGroup;
			children = (
				D692C4A224DAC10300A52D25 /* TagMango.entitlements */,
				008F07F21AC5B25A0029DE68 /* main.jsbundle */,
				13B07FAF1A68108700A75B9A /* AppDelegate.h */,
				13B07FB01A68108700A75B9A /* AppDelegate.m */,
				13B07FB61A68108700A75B9A /* Info.plist */,
				13B07FB11A68108700A75B9A /* LaunchScreen.xib */,
				13B07FB71A68108700A75B9A /* main.m */,
			);
			name = SOLOYNC;
			sourceTree = "<group>";
		};
		2D16E6871FA4F8E400B85C8A /* Frameworks */ = {
			isa = PBXGroup;
			children = (
				075F9384243E4D150093F671 /* libBVLinearGradient.a */,
				07118B9C243E30630098A6D8 /* BVLinearGradient.framework */,
				ED297162215061F000B7C4FE /* JavaScriptCore.framework */,
				ED2971642150620600B7C4FE /* JavaScriptCore.framework */,
				E1DB216980328F331DA45CCF /* libPods-SOLOYNC.a */,
				8C6771D4454B36BBCE9C6B0D /* libPods-SOLOYNC-tvOS.a */,
				28533987071FAC97D68690C3 /* libPods-SOLOYNC-tvOSTests.a */,
				7B156ADBBD0379DC72431713 /* libPods-SOLOYNCTests.a */,
			);
			name = Frameworks;
			sourceTree = "<group>";
		};
		383E1D6B72950F5425794442 /* Pods */ = {
			isa = PBXGroup;
			children = (
				86C2E5D6FC94BB4A55375A20 /* Pods-SOLOYNC.debug.xcconfig */,
				81FDC4F00487C2B873CD4481 /* Pods-SOLOYNC.release.xcconfig */,
				73268CF2870DB7026EA389CD /* Pods-SOLOYNC-tvOS.debug.xcconfig */,
				90EB344A5B3844156CD594A0 /* Pods-SOLOYNC-tvOS.release.xcconfig */,
				65CEE439D0C0D5CB244D998E /* Pods-SOLOYNC-tvOSTests.debug.xcconfig */,
				E21DC8501D8A152E67C5C49E /* Pods-SOLOYNC-tvOSTests.release.xcconfig */,
				F0EFB4F3C237E4003440002F /* Pods-SOLOYNCTests.debug.xcconfig */,
				FC2A5C6B31C55D89E8C05274 /* Pods-SOLOYNCTests.release.xcconfig */,
			);
			path = Pods;
			sourceTree = "<group>";
		};
		6DDB64B165D844DBA0271670 /* Resources */ = {
			isa = PBXGroup;
			children = (
				F5A7BFBCD1044DA5800E1FD2 /* Montserrat-Black.ttf */,
				12801FA8B13B47CFA01AF7E5 /* Montserrat-BlackItalic.ttf */,
				0B387F8811DF42A6AC19A4DA /* Montserrat-Bold.ttf */,
				8D0CE2152F54467DA31C37E8 /* Montserrat-BoldItalic.ttf */,
				BB2CED8B7CD6466A928D353A /* Montserrat-ExtraBold.ttf */,
				2B85FFF068774C6EA625BC50 /* Montserrat-ExtraBoldItalic.ttf */,
				9787BEABBEB44A2D8F88D5AE /* Montserrat-ExtraLight.ttf */,
				844AE551BF6744D6BD899604 /* Montserrat-ExtraLightItalic.ttf */,
				E4261A0C7EAA4FA8A84DD2DE /* Montserrat-Light.ttf */,
				348FAED5D0B04F59B8384579 /* Montserrat-LightItalic.ttf */,
				0AF5D6AA97864F669150DAF9 /* Montserrat-Medium.ttf */,
				9DA229B46DC74C44A88D878C /* Montserrat-MediumItalic.ttf */,
				E4E3D6EADF284DD19027BA4F /* Montserrat-Regular.ttf */,
				C47B1AA0F4AD493AB68907DC /* Montserrat-RegularItalic.ttf */,
				3A6B888B67FA43BAA04A5EAF /* Montserrat-SemiBold.ttf */,
				BFA87AD7F95F4AE9BD952493 /* Montserrat-SemiBoldItalic.ttf */,
				54A749D101DD436BA7B4D0CC /* Montserrat-Thin.ttf */,
				C1C898CBAD674C529C0D0CB8 /* Montserrat-ThinItalic.ttf */,
				04A1A8C768D143F08485E1C5 /* AntDesign.ttf */,
				D5986B128AAF46368AB0BAC5 /* Entypo.ttf */,
				D5C7F0287FFE4FFA806EB31F /* EvilIcons.ttf */,
				3EE343825AAB46DBAE5985A3 /* Feather.ttf */,
				D1C6B637FE5E4030928337A5 /* FontAwesome.ttf */,
				984C882A35B249C0B63D0138 /* FontAwesome5_Brands.ttf */,
				E1FFB00C1C9A4107843FDE53 /* FontAwesome5_Regular.ttf */,
				70EEB9C1007E4E768814E09F /* FontAwesome5_Solid.ttf */,
				E74E9D44ABC24B59955392F3 /* Fontisto.ttf */,
				6511ABF5006442649662BFC0 /* Foundation.ttf */,
				7CAF41BA9B18450AAB39821E /* Ionicons.ttf */,
				C0637B1359824E418C8DD794 /* MaterialCommunityIcons.ttf */,
				123A06E6127744688A210850 /* MaterialIcons.ttf */,
				3039DEEE8F944C19A3E539D3 /* Octicons.ttf */,
				117D0FE85EA6465A9B19C1C4 /* SimpleLineIcons.ttf */,
				FFA4FB939D23499D8DC9C509 /* Zocial.ttf */,
				2B6DD1FEE4AF4F058ABD7D31 /* AvenirLTStd-Black.otf */,
				080D19D765584983A62E8DF6 /* AvenirLTStd-BlackOblique.otf */,
				5763EB2C7A874E4BBBA52EA6 /* AvenirLTStd-Book.otf */,
				71F399456DC747AEA36C8E7B /* AvenirLTStd-BookOblique.otf */,
				87807BD51ABA467F9DD310C0 /* AvenirLTStd-Heavy.otf */,
				DCAEA20FDB1D42DBB2045E77 /* AvenirLTStd-HeavyOblique.otf */,
				DDE2517F66AD4CB3B6DC1ABE /* AvenirLTStd-Light.otf */,
				D505065415D84EFAA8DF993C /* AvenirLTStd-LightOblique.otf */,
				06D942B9FAE24D93A4F1908B /* AvenirLTStd-Medium.otf */,
				EA254B35E81B41D6888D796E /* AvenirLTStd-MediumOblique.otf */,
				EAAB0AD54376405AB9EBC3D6 /* AvenirLTStd-Oblique.otf */,
				BD503AAB55CC40DB842DED9C /* AvenirLTStd-Roman.otf */,
				A689E98ABA7B4340B47BBEEC /* Poppins-Black.ttf */,
				D8BCCC0ECE504570893CB182 /* Poppins-BlackItalic.ttf */,
				85A24226358A47C79B094DD9 /* Poppins-Bold.ttf */,
				3185351FCA53473CA11D6291 /* Poppins-BoldItalic.ttf */,
				97921FA086B14BF7B008E209 /* Poppins-ExtraBold.ttf */,
				6642A3FAF911463C85B483DB /* Poppins-ExtraBoldItalic.ttf */,
				B9990EBD2C954A2B96E02F22 /* Poppins-ExtraLight.ttf */,
				9FD0CD772EB8444097518FAA /* Poppins-ExtraLightItalic.ttf */,
				8DB10CEA17F04103BD76AE63 /* Poppins-Italic.ttf */,
				E297A03E0C8F471DAD8455EB /* Poppins-Light.ttf */,
				D96C6F1FA5A44607BF0B11E5 /* Poppins-LightItalic.ttf */,
				B4BA33A2AE6C47F1BE3ABF55 /* Poppins-Medium.ttf */,
				1845DB25B2FB4098988B24DD /* Poppins-MediumItalic.ttf */,
				66DEFE93F7E44F3EB8DD0F97 /* Poppins-Regular.ttf */,
				E946E04973084643843721AF /* Poppins-SemiBold.ttf */,
				17680EC78370417EBBB1ACD3 /* Poppins-SemiBoldItalic.ttf */,
				DB53A97776F345F49C24192E /* Poppins-Thin.ttf */,
				00B06CF125724D16A20E8C9B /* Poppins-ThinItalic.ttf */,
				2F8F164948C34B0E80C64BCD /* PTSans-Bold.ttf */,
				B64B732929184E6EAC5EF29E /* PTSans-BoldItalic.ttf */,
				ADDF796EC4644A909716286B /* PTSans-Italic.ttf */,
				C6CE363EDEF64D698A250A93 /* PTSans-Regular.ttf */,
				3F3634C8C50147C1B5E74DAB /* Inter-Black-slnt=0.ttf */,
				20F467E82FC94DEE935340DE /* Inter-Bold-slnt=0.ttf */,
				45545C1D78D74305BC680B14 /* Inter-ExtraBold-slnt=0.ttf */,
				D860325AA6B44ECDB91C23B6 /* Inter-ExtraLight-slnt=0.ttf */,
				E9E47404A3934924A38CDFBD /* Inter-Light-slnt=0.ttf */,
				3425FE52A8804E56993925B1 /* Inter-Medium-slnt=0.ttf */,
				9A5298ED4EE04B329FCBCCA8 /* Inter-Regular-slnt=0.ttf */,
				EFF2BDA79C4740738BEA3559 /* Inter-SemiBold-slnt=0.ttf */,
				4D0D6D2262534A09BA968DD5 /* Inter-Thin-slnt=0.ttf */,
				B60AD4AE834142F19ACD152F /* Inter-Black-slnt.ttf */,
				52DBA9366EA749978E93E077 /* Inter-Bold-slnt.ttf */,
				F34A11CC168847AF952320AF /* Inter-ExtraBold-slnt.ttf */,
				A96ADD5678EC4C8FB5A5E827 /* Inter-ExtraLight-slnt.ttf */,
				F0CC7D53006049C6BEBD34FB /* Inter-Light-slnt.ttf */,
				D1690284862446BA9C80B12D /* Inter-Medium-slnt.ttf */,
				994816E0711144E4B955E4E3 /* Inter-Regular-slnt.ttf */,
				BE0D1024B6F64540B569D66D /* Inter-SemiBold-slnt.ttf */,
				04685D34BE5A427A9CCEE08B /* Inter-Thin-slnt.ttf */,
				2A7FA1A84C484CFB8CB39E4A /* NunitoSans-Black.ttf */,
				25C71DE7973746F38CF20FB3 /* NunitoSans-BlackItalic.ttf */,
				3CCC89C466354B6ABA515108 /* NunitoSans-Bold.ttf */,
				B16A2D0137984C3684FDA3B2 /* NunitoSans-BoldItalic.ttf */,
				C0C4AB1B38AB4121A3AD7605 /* NunitoSans-ExtraBold.ttf */,
				E4939493A19C4DE9B47C1BD4 /* NunitoSans-ExtraBoldItalic.ttf */,
				E4DBA6C60BF54F9E943A8AA3 /* NunitoSans-ExtraLight.ttf */,
				212FC9163B944C068B4C67E9 /* NunitoSans-ExtraLightItalic.ttf */,
				D2B33482AB2B4D6D8B07810B /* NunitoSans-Italic.ttf */,
				BCC65E116DB6472AB3AA8D8F /* NunitoSans-Light.ttf */,
				ED52A72D21BA41709BE446BB /* NunitoSans-LightItalic.ttf */,
				9688520441FC4D1E84B15FEF /* NunitoSans-Regular.ttf */,
				6F44F53BFF3E490BAD60C704 /* NunitoSans-SemiBold.ttf */,
				42232F5A46444DEDB3884B94 /* NunitoSans-SemiBoldItalic.ttf */,
			);
			name = Resources;
			sourceTree = "<group>";
		};
		832341AE1AAA6A7D00B99B32 /* Libraries */ = {
			isa = PBXGroup;
			children = (
				46821DAE63474AE7A47C7541 /* RangeSlider.xcodeproj */,
			);
			name = Libraries;
			sourceTree = "<group>";
		};
		83CBB9F61A601CBA00E9B192 = {
			isa = PBXGroup;
			children = (
				13B07FAE1A68108700A75B9A /* SOLOYNC */,
				832341AE1AAA6A7D00B99B32 /* Libraries */,
				00E356EF1AD99517003FC87E /* SOLOYNCTests */,
				83CBBA001A601CBA00E9B192 /* Products */,
				2D16E6871FA4F8E400B85C8A /* Frameworks */,
				383E1D6B72950F5425794442 /* Pods */,
				6DDB64B165D844DBA0271670 /* Resources */,
				12DAC21D2327783E005C8D02 /* Recovered References */,
			);
			indentWidth = 2;
			sourceTree = "<group>";
			tabWidth = 2;
			usesTabs = 0;
		};
		83CBBA001A601CBA00E9B192 /* Products */ = {
			isa = PBXGroup;
			children = (
				13B07F961A680F5B00A75B9A /* RNAnimationsTechugo.app */,
			);
			name = Products;
			sourceTree = "<group>";
		};
/* End PBXGroup section */

/* Begin PBXNativeTarget section */
		13B07F861A680F5B00A75B9A /* SOLOYNC */ = {
			isa = PBXNativeTarget;
			buildConfigurationList = 13B07F931A680F5B00A75B9A /* Build configuration list for PBXNativeTarget "SOLOYNC" */;
			buildPhases = (
				CFF0F3B46DB971C4E1F6D2B7 /* [CP] Check Pods Manifest.lock */,
				FD10A7F022414F080027D42C /* Start Packager */,
				13B07F871A680F5B00A75B9A /* Sources */,
				13B07F8C1A680F5B00A75B9A /* Frameworks */,
				13B07F8E1A680F5B00A75B9A /* Resources */,
				00DD1BFF1BD5951E006B06BC /* Bundle React Native code and images */,
				21447EFCFED57C910B233387 /* [CP] Copy Pods Resources */,
			);
			buildRules = (
			);
			dependencies = (
			);
			name = SOLOYNC;
			productName = SOLOYNC;
			productReference = 13B07F961A680F5B00A75B9A /* RNAnimationsTechugo.app */;
			productType = "com.apple.product-type.application";
		};
/* End PBXNativeTarget section */

/* Begin PBXProject section */
		83CBB9F71A601CBA00E9B192 /* Project object */ = {
			isa = PBXProject;
			attributes = {
				LastUpgradeCheck = 940;
				ORGANIZATIONNAME = Facebook;
				TargetAttributes = {
					13B07F861A680F5B00A75B9A = {
						DevelopmentTeam = UK3JSUMFQ9;
						ProvisioningStyle = Manual;
					};
				};
			};
			buildConfigurationList = 83CBB9FA1A601CBA00E9B192 /* Build configuration list for PBXProject "SOLOYNC" */;
			compatibilityVersion = "Xcode 3.2";
			developmentRegion = English;
			hasScannedForEncodings = 0;
			knownRegions = (
				English,
				en,
				Base,
			);
			mainGroup = 83CBB9F61A601CBA00E9B192;
			productRefGroup = 83CBBA001A601CBA00E9B192 /* Products */;
			projectDirPath = "";
			projectReferences = (
				{
					ProductGroup = 07118B87243E28BA0098A6D8 /* Products */;
					ProjectRef = 46821DAE63474AE7A47C7541 /* RangeSlider.xcodeproj */;
				},
			);
			projectRoot = "";
			targets = (
				13B07F861A680F5B00A75B9A /* SOLOYNC */,
			);
		};
/* End PBXProject section */

/* Begin PBXReferenceProxy section */
		07118B8D243E28BB0098A6D8 /* libRangeSlider.a */ = {
			isa = PBXReferenceProxy;
			fileType = archive.ar;
			path = libRangeSlider.a;
			remoteRef = 07118B8C243E28BB0098A6D8 /* PBXContainerItemProxy */;
			sourceTree = BUILT_PRODUCTS_DIR;
		};
/* End PBXReferenceProxy section */

/* Begin PBXResourcesBuildPhase section */
		13B07F8E1A680F5B00A75B9A /* Resources */ = {
			isa = PBXResourcesBuildPhase;
			buildActionMask = 2147483647;
			files = (
				13B07FBD1A68108700A75B9A /* LaunchScreen.xib in Resources */,
				0027047D0CE64491BCA1364F /* AntDesign.ttf in Resources */,
				741CFBE8EE304770A62AC54D /* Entypo.ttf in Resources */,
				318303DAB51743D0843D642B /* EvilIcons.ttf in Resources */,
				11E8D1F103FE44E49AFDE121 /* Feather.ttf in Resources */,
				AF36A93B20B74C159F8BBC67 /* FontAwesome.ttf in Resources */,
				9DBED9D508044C8F8C743C89 /* FontAwesome5_Brands.ttf in Resources */,
				DDE52100396A4D6CBBA939B7 /* FontAwesome5_Regular.ttf in Resources */,
				259809D703A44D32A7C07F07 /* FontAwesome5_Solid.ttf in Resources */,
				F177A7F658684C9F8135D975 /* Fontisto.ttf in Resources */,
				CA4D7F7012EC4C259217EEB3 /* Foundation.ttf in Resources */,
				6181E10E38794D6BA0162929 /* Ionicons.ttf in Resources */,
				2E1E589D1DA24025A8110978 /* MaterialCommunityIcons.ttf in Resources */,
				CA941080BA5F4EBF82257812 /* MaterialIcons.ttf in Resources */,
				191EAD63BE26436E9454CAE6 /* Octicons.ttf in Resources */,
				FBEB101532EB4879B2C62287 /* SimpleLineIcons.ttf in Resources */,
				D436B230891C4653BD9698CC /* Zocial.ttf in Resources */,
				4DEDE1F5B0FF47E0BD2926D0 /* Inter-Black-slnt.ttf in Resources */,
				A6D75C1BE85944DBA6CD8312 /* Inter-Bold-slnt.ttf in Resources */,
				E5E103448F7446B88DF4E1F4 /* Inter-ExtraBold-slnt.ttf in Resources */,
				470B7948CE4D4EECA5671A14 /* Inter-ExtraLight-slnt.ttf in Resources */,
				205F162DE46C4491B98F29DA /* Inter-Light-slnt.ttf in Resources */,
				8C1EE1548601470F8FA5A9AE /* Inter-Medium-slnt.ttf in Resources */,
				438112C3CF254018838A4854 /* Inter-Regular-slnt.ttf in Resources */,
				F7BF6C860A3E445B9C41E600 /* Inter-SemiBold-slnt.ttf in Resources */,
				2C0D52D0C4344F5287DE8DA4 /* Inter-Thin-slnt.ttf in Resources */,
				49E6D24616FD41E49DD47F8C /* NunitoSans-Black.ttf in Resources */,
				A20F34DB33E9441EB745D314 /* NunitoSans-BlackItalic.ttf in Resources */,
				3DC7BA9E93F841F58521A121 /* NunitoSans-Bold.ttf in Resources */,
				89A678175DE54959839E619D /* NunitoSans-BoldItalic.ttf in Resources */,
				DD676E5F1CFD4BBAAA63E313 /* NunitoSans-ExtraBold.ttf in Resources */,
				938278AD34F64A588B268DBE /* NunitoSans-ExtraBoldItalic.ttf in Resources */,
				616EA5D1D0C1454D81E36F91 /* NunitoSans-ExtraLight.ttf in Resources */,
				3A5F6C9901D54601B6360722 /* NunitoSans-ExtraLightItalic.ttf in Resources */,
				43E18A3D28A044EC86BDCDA6 /* NunitoSans-Italic.ttf in Resources */,
				B2DF505322EC4A3F934C9307 /* NunitoSans-Light.ttf in Resources */,
				E6609C9278964EF78C669244 /* NunitoSans-LightItalic.ttf in Resources */,
				A5C9A6C6E2D54F62B036331B /* NunitoSans-Regular.ttf in Resources */,
				06355ABED42B488BA4D5807A /* NunitoSans-SemiBold.ttf in Resources */,
				3115C4A0555045ACBB3378CE /* NunitoSans-SemiBoldItalic.ttf in Resources */,
			);
			runOnlyForDeploymentPostprocessing = 0;
		};
/* End PBXResourcesBuildPhase section */

/* Begin PBXShellScriptBuildPhase section */
		00DD1BFF1BD5951E006B06BC /* Bundle React Native code and images */ = {
			isa = PBXShellScriptBuildPhase;
			buildActionMask = 2147483647;
			files = (
			);
			inputPaths = (
			);
			name = "Bundle React Native code and images";
			outputPaths = (
			);
			runOnlyForDeploymentPostprocessing = 0;
			shellPath = /bin/sh;
			shellScript = "export NODE_BINARY=node\n../node_modules/react-native/scripts/react-native-xcode.sh\n";
		};
		21447EFCFED57C910B233387 /* [CP] Copy Pods Resources */ = {
			isa = PBXShellScriptBuildPhase;
			buildActionMask = 2147483647;
			files = (
			);
			inputPaths = (
				"${PODS_ROOT}/Target Support Files/Pods-SOLOYNC/Pods-SOLOYNC-resources.sh",
				"${PODS_ROOT}/FBSDKCoreKit/FacebookSDKStrings.bundle",
				"${PODS_ROOT}/GoogleSignIn/Resources/GoogleSignIn.bundle",
				"${PODS_CONFIGURATION_BUILD_DIR}/RNImageCropPicker/QBImagePicker.bundle",
				"${PODS_ROOT}/../../node_modules/react-native-vector-icons/Fonts/AntDesign.ttf",
				"${PODS_ROOT}/../../node_modules/react-native-vector-icons/Fonts/Entypo.ttf",
				"${PODS_ROOT}/../../node_modules/react-native-vector-icons/Fonts/EvilIcons.ttf",
				"${PODS_ROOT}/../../node_modules/react-native-vector-icons/Fonts/Feather.ttf",
				"${PODS_ROOT}/../../node_modules/react-native-vector-icons/Fonts/FontAwesome.ttf",
				"${PODS_ROOT}/../../node_modules/react-native-vector-icons/Fonts/FontAwesome5_Brands.ttf",
				"${PODS_ROOT}/../../node_modules/react-native-vector-icons/Fonts/FontAwesome5_Regular.ttf",
				"${PODS_ROOT}/../../node_modules/react-native-vector-icons/Fonts/FontAwesome5_Solid.ttf",
				"${PODS_ROOT}/../../node_modules/react-native-vector-icons/Fonts/Fontisto.ttf",
				"${PODS_ROOT}/../../node_modules/react-native-vector-icons/Fonts/Foundation.ttf",
				"${PODS_ROOT}/../../node_modules/react-native-vector-icons/Fonts/Ionicons.ttf",
				"${PODS_ROOT}/../../node_modules/react-native-vector-icons/Fonts/MaterialCommunityIcons.ttf",
				"${PODS_ROOT}/../../node_modules/react-native-vector-icons/Fonts/MaterialIcons.ttf",
				"${PODS_ROOT}/../../node_modules/react-native-vector-icons/Fonts/Octicons.ttf",
				"${PODS_ROOT}/../../node_modules/react-native-vector-icons/Fonts/SimpleLineIcons.ttf",
				"${PODS_ROOT}/../../node_modules/react-native-vector-icons/Fonts/Zocial.ttf",
				"${PODS_CONFIGURATION_BUILD_DIR}/TOCropViewController/TOCropViewControllerBundle.bundle",
			);
			name = "[CP] Copy Pods Resources";
			outputPaths = (
				"${TARGET_BUILD_DIR}/${UNLOCALIZED_RESOURCES_FOLDER_PATH}/FacebookSDKStrings.bundle",
				"${TARGET_BUILD_DIR}/${UNLOCALIZED_RESOURCES_FOLDER_PATH}/GoogleSignIn.bundle",
				"${TARGET_BUILD_DIR}/${UNLOCALIZED_RESOURCES_FOLDER_PATH}/QBImagePicker.bundle",
				"${TARGET_BUILD_DIR}/${UNLOCALIZED_RESOURCES_FOLDER_PATH}/AntDesign.ttf",
				"${TARGET_BUILD_DIR}/${UNLOCALIZED_RESOURCES_FOLDER_PATH}/Entypo.ttf",
				"${TARGET_BUILD_DIR}/${UNLOCALIZED_RESOURCES_FOLDER_PATH}/EvilIcons.ttf",
				"${TARGET_BUILD_DIR}/${UNLOCALIZED_RESOURCES_FOLDER_PATH}/Feather.ttf",
				"${TARGET_BUILD_DIR}/${UNLOCALIZED_RESOURCES_FOLDER_PATH}/FontAwesome.ttf",
				"${TARGET_BUILD_DIR}/${UNLOCALIZED_RESOURCES_FOLDER_PATH}/FontAwesome5_Brands.ttf",
				"${TARGET_BUILD_DIR}/${UNLOCALIZED_RESOURCES_FOLDER_PATH}/FontAwesome5_Regular.ttf",
				"${TARGET_BUILD_DIR}/${UNLOCALIZED_RESOURCES_FOLDER_PATH}/FontAwesome5_Solid.ttf",
				"${TARGET_BUILD_DIR}/${UNLOCALIZED_RESOURCES_FOLDER_PATH}/Fontisto.ttf",
				"${TARGET_BUILD_DIR}/${UNLOCALIZED_RESOURCES_FOLDER_PATH}/Foundation.ttf",
				"${TARGET_BUILD_DIR}/${UNLOCALIZED_RESOURCES_FOLDER_PATH}/Ionicons.ttf",
				"${TARGET_BUILD_DIR}/${UNLOCALIZED_RESOURCES_FOLDER_PATH}/MaterialCommunityIcons.ttf",
				"${TARGET_BUILD_DIR}/${UNLOCALIZED_RESOURCES_FOLDER_PATH}/MaterialIcons.ttf",
				"${TARGET_BUILD_DIR}/${UNLOCALIZED_RESOURCES_FOLDER_PATH}/Octicons.ttf",
				"${TARGET_BUILD_DIR}/${UNLOCALIZED_RESOURCES_FOLDER_PATH}/SimpleLineIcons.ttf",
				"${TARGET_BUILD_DIR}/${UNLOCALIZED_RESOURCES_FOLDER_PATH}/Zocial.ttf",
				"${TARGET_BUILD_DIR}/${UNLOCALIZED_RESOURCES_FOLDER_PATH}/TOCropViewControllerBundle.bundle",
			);
			runOnlyForDeploymentPostprocessing = 0;
			shellPath = /bin/sh;
			shellScript = "\"${PODS_ROOT}/Target Support Files/Pods-SOLOYNC/Pods-SOLOYNC-resources.sh\"\n";
			showEnvVarsInLog = 0;
		};
		CFF0F3B46DB971C4E1F6D2B7 /* [CP] Check Pods Manifest.lock */ = {
			isa = PBXShellScriptBuildPhase;
			buildActionMask = 2147483647;
			files = (
			);
			inputFileListPaths = (
			);
			inputPaths = (
				"${PODS_PODFILE_DIR_PATH}/Podfile.lock",
				"${PODS_ROOT}/Manifest.lock",
			);
			name = "[CP] Check Pods Manifest.lock";
			outputFileListPaths = (
			);
			outputPaths = (
				"$(DERIVED_FILE_DIR)/Pods-SOLOYNC-checkManifestLockResult.txt",
			);
			runOnlyForDeploymentPostprocessing = 0;
			shellPath = /bin/sh;
			shellScript = "diff \"${PODS_PODFILE_DIR_PATH}/Podfile.lock\" \"${PODS_ROOT}/Manifest.lock\" > /dev/null\nif [ $? != 0 ] ; then\n    # print error to STDERR\n    echo \"error: The sandbox is not in sync with the Podfile.lock. Run 'pod install' or update your CocoaPods installation.\" >&2\n    exit 1\nfi\n# This output is used by Xcode 'outputs' to avoid re-running this script phase.\necho \"SUCCESS\" > \"${SCRIPT_OUTPUT_FILE_0}\"\n";
			showEnvVarsInLog = 0;
		};
		FD10A7F022414F080027D42C /* Start Packager */ = {
			isa = PBXShellScriptBuildPhase;
			buildActionMask = 2147483647;
			files = (
			);
			inputFileListPaths = (
			);
			inputPaths = (
			);
			name = "Start Packager";
			outputFileListPaths = (
			);
			outputPaths = (
			);
			runOnlyForDeploymentPostprocessing = 0;
			shellPath = /bin/sh;
			shellScript = "export RCT_METRO_PORT=\"${RCT_METRO_PORT:=8081}\"\necho \"export RCT_METRO_PORT=${RCT_METRO_PORT}\" > \"${SRCROOT}/../node_modules/react-native/scripts/.packager.env\"\nif [ -z \"${RCT_NO_LAUNCH_PACKAGER+xxx}\" ] ; then\n  if nc -w 5 -z localhost ${RCT_METRO_PORT} ; then\n    if ! curl -s \"http://localhost:${RCT_METRO_PORT}/status\" | grep -q \"packager-status:running\" ; then\n      echo \"Port ${RCT_METRO_PORT} already in use, packager is either not running or not running correctly\"\n      exit 2\n    fi\n  else\n    open \"$SRCROOT/../node_modules/react-native/scripts/launchPackager.command\" || echo \"Can't start packager automatically\"\n  fi\nfi\n";
			showEnvVarsInLog = 0;
		};
/* End PBXShellScriptBuildPhase section */

/* Begin PBXSourcesBuildPhase section */
		13B07F871A680F5B00A75B9A /* Sources */ = {
			isa = PBXSourcesBuildPhase;
			buildActionMask = 2147483647;
			files = (
				13B07FBC1A68108700A75B9A /* AppDelegate.m in Sources */,
				13B07FC11A68108700A75B9A /* main.m in Sources */,
			);
			runOnlyForDeploymentPostprocessing = 0;
		};
/* End PBXSourcesBuildPhase section */

/* Begin PBXVariantGroup section */
		13B07FB11A68108700A75B9A /* LaunchScreen.xib */ = {
			isa = PBXVariantGroup;
			children = (
				13B07FB21A68108700A75B9A /* Base */,
			);
			name = LaunchScreen.xib;
			path = SOLOYNC;
			sourceTree = "<group>";
		};
/* End PBXVariantGroup section */

/* Begin XCBuildConfiguration section */
		13B07F941A680F5B00A75B9A /* Debug */ = {
			isa = XCBuildConfiguration;
			baseConfigurationReference = 86C2E5D6FC94BB4A55375A20 /* Pods-SOLOYNC.debug.xcconfig */;
			buildSettings = {
				ASSETCATALOG_COMPILER_APPICON_NAME = AppIcon;
				CODE_SIGN_ENTITLEMENTS = SOLOYNC/TagMango.entitlements;
				CODE_SIGN_IDENTITY = "iPhone Distribution: Hasan Mohammad (UK3JSUMFQ9)";
				"CODE_SIGN_IDENTITY[sdk=iphoneos*]" = "iPhone Developer: Hasan Mohammad (3UE44785WJ)";
				CODE_SIGN_STYLE = Manual;
				CURRENT_PROJECT_VERSION = 1;
				DEAD_CODE_STRIPPING = NO;
				DEVELOPMENT_TEAM = UK3JSUMFQ9;
				HEADER_SEARCH_PATHS = "$(inherited)";
				INFOPLIST_FILE = SOLOYNC/Info.plist;
				IPHONEOS_DEPLOYMENT_TARGET = 9.0;
				LD_RUNPATH_SEARCH_PATHS = "$(inherited) @executable_path/Frameworks";
				LIBRARY_SEARCH_PATHS = (
					"$(inherited)",
					"\"${PODS_CONFIGURATION_BUILD_DIR}/BVLinearGradient\"/**",
					"\"${PODS_CONFIGURATION_BUILD_DIR}/DoubleConversion\"",
					"\"${PODS_CONFIGURATION_BUILD_DIR}/FBReactNativeSpec\"",
					"\"${PODS_CONFIGURATION_BUILD_DIR}/FBSDKCoreKit\"",
					"\"${PODS_CONFIGURATION_BUILD_DIR}/FBSDKLoginKit\"",
					"\"${PODS_CONFIGURATION_BUILD_DIR}/FBSDKShareKit\"",
					"\"${PODS_CONFIGURATION_BUILD_DIR}/FirebaseCore\"",
					"\"${PODS_CONFIGURATION_BUILD_DIR}/FirebaseCoreDiagnostics\"",
					"\"${PODS_CONFIGURATION_BUILD_DIR}/FirebaseInstanceID\"",
					"\"${PODS_CONFIGURATION_BUILD_DIR}/FirebaseMessaging\"",
					"\"${PODS_CONFIGURATION_BUILD_DIR}/Folly\"",
					"\"${PODS_CONFIGURATION_BUILD_DIR}/GoogleDataTransport\"",
					"\"${PODS_CONFIGURATION_BUILD_DIR}/GoogleDataTransportCCTSupport\"",
					"\"${PODS_CONFIGURATION_BUILD_DIR}/GoogleUtilities\"",
					"\"${PODS_CONFIGURATION_BUILD_DIR}/Protobuf\"",
					"\"${PODS_CONFIGURATION_BUILD_DIR}/RCTTypeSafety\"",
					"\"${PODS_CONFIGURATION_BUILD_DIR}/RNCAsyncStorage\"",
					"\"${PODS_CONFIGURATION_BUILD_DIR}/RNFirebase\"",
					"\"${PODS_CONFIGURATION_BUILD_DIR}/RNGestureHandler\"",
					"\"${PODS_CONFIGURATION_BUILD_DIR}/RNImageCropPicker\"",
					"\"${PODS_CONFIGURATION_BUILD_DIR}/RNSnackbar\"",
					"\"${PODS_CONFIGURATION_BUILD_DIR}/RNVectorIcons\"",
					"\"${PODS_CONFIGURATION_BUILD_DIR}/RSKImageCropper\"",
					"\"${PODS_CONFIGURATION_BUILD_DIR}/React-Core\"",
					"\"${PODS_CONFIGURATION_BUILD_DIR}/React-CoreModules\"",
					"\"${PODS_CONFIGURATION_BUILD_DIR}/React-RCTActionSheet\"",
					"\"${PODS_CONFIGURATION_BUILD_DIR}/React-RCTAnimation\"",
					"\"${PODS_CONFIGURATION_BUILD_DIR}/React-RCTBlob\"",
					"\"${PODS_CONFIGURATION_BUILD_DIR}/React-RCTImage\"",
					"\"${PODS_CONFIGURATION_BUILD_DIR}/React-RCTLinking\"",
					"\"${PODS_CONFIGURATION_BUILD_DIR}/React-RCTNetwork\"",
					"\"${PODS_CONFIGURATION_BUILD_DIR}/React-RCTSettings\"",
					"\"${PODS_CONFIGURATION_BUILD_DIR}/React-RCTText\"",
					"\"${PODS_CONFIGURATION_BUILD_DIR}/React-RCTVibration\"",
					"\"${PODS_CONFIGURATION_BUILD_DIR}/React-cxxreact\"",
					"\"${PODS_CONFIGURATION_BUILD_DIR}/React-jsi\"",
					"\"${PODS_CONFIGURATION_BUILD_DIR}/React-jsiexecutor\"",
					"\"${PODS_CONFIGURATION_BUILD_DIR}/React-jsinspector\"",
					"\"${PODS_CONFIGURATION_BUILD_DIR}/ReactCommon\"",
					"\"${PODS_CONFIGURATION_BUILD_DIR}/ReactNativeExceptionHandler\"",
					"\"${PODS_CONFIGURATION_BUILD_DIR}/Yoga\"",
					"\"${PODS_CONFIGURATION_BUILD_DIR}/glog\"",
					"\"${PODS_CONFIGURATION_BUILD_DIR}/nanopb\"",
					"\"${PODS_CONFIGURATION_BUILD_DIR}/react-native-blur\"",
					"\"${PODS_CONFIGURATION_BUILD_DIR}/react-native-fbsdk\"",
					"\"${PODS_CONFIGURATION_BUILD_DIR}/react-native-geolocation\"",
					"\"${PODS_CONFIGURATION_BUILD_DIR}/react-native-image-picker\"",
					"\"${PODS_CONFIGURATION_BUILD_DIR}/react-native-netinfo\"",
					"\"${PODS_CONFIGURATION_BUILD_DIR}/react-native-notification-sounds\"",
					"\"${PODS_CONFIGURATION_BUILD_DIR}/react-native-splash-screen\"",
					"\"${PODS_CONFIGURATION_BUILD_DIR}/rn-range-slider\"",
				);
				OTHER_LDFLAGS = (
					"$(inherited)",
					"-ObjC",
					"-lc++",
				);
				PRODUCT_BUNDLE_IDENTIFIER = com.fleapo.tagmango.reactnative;
				PRODUCT_NAME = RNAnimationsTechugo;
				PROVISIONING_PROFILE_SPECIFIER = TagMangoTechugo;
				VERSIONING_SYSTEM = "apple-generic";
			};
			name = Debug;
		};
		13B07F951A680F5B00A75B9A /* Release */ = {
			isa = XCBuildConfiguration;
			baseConfigurationReference = 81FDC4F00487C2B873CD4481 /* Pods-SOLOYNC.release.xcconfig */;
			buildSettings = {
				ASSETCATALOG_COMPILER_APPICON_NAME = AppIcon;
				CODE_SIGN_ENTITLEMENTS = SOLOYNC/TagMango.entitlements;
				CODE_SIGN_IDENTITY = "iPhone Developer";
				CODE_SIGN_STYLE = Manual;
				CURRENT_PROJECT_VERSION = 1;
				DEAD_CODE_STRIPPING = YES;
				DEVELOPMENT_TEAM = UK3JSUMFQ9;
				HEADER_SEARCH_PATHS = "$(inherited)";
				INFOPLIST_FILE = SOLOYNC/Info.plist;
				IPHONEOS_DEPLOYMENT_TARGET = 9.0;
				LD_RUNPATH_SEARCH_PATHS = "$(inherited) @executable_path/Frameworks";
				LIBRARY_SEARCH_PATHS = (
					"$(inherited)",
					"\"${PODS_CONFIGURATION_BUILD_DIR}/BVLinearGradient\"",
					"\"${PODS_CONFIGURATION_BUILD_DIR}/DoubleConversion\"",
					"\"${PODS_CONFIGURATION_BUILD_DIR}/FBReactNativeSpec\"",
					"\"${PODS_CONFIGURATION_BUILD_DIR}/FBSDKCoreKit\"",
					"\"${PODS_CONFIGURATION_BUILD_DIR}/FBSDKLoginKit\"",
					"\"${PODS_CONFIGURATION_BUILD_DIR}/FBSDKShareKit\"",
					"\"${PODS_CONFIGURATION_BUILD_DIR}/FirebaseCore\"",
					"\"${PODS_CONFIGURATION_BUILD_DIR}/FirebaseCoreDiagnostics\"",
					"\"${PODS_CONFIGURATION_BUILD_DIR}/FirebaseInstanceID\"",
					"\"${PODS_CONFIGURATION_BUILD_DIR}/FirebaseMessaging\"",
					"\"${PODS_CONFIGURATION_BUILD_DIR}/Folly\"",
					"\"${PODS_CONFIGURATION_BUILD_DIR}/GoogleDataTransport\"",
					"\"${PODS_CONFIGURATION_BUILD_DIR}/GoogleDataTransportCCTSupport\"",
					"\"${PODS_CONFIGURATION_BUILD_DIR}/GoogleUtilities\"",
					"\"${PODS_CONFIGURATION_BUILD_DIR}/Protobuf\"",
					"\"${PODS_CONFIGURATION_BUILD_DIR}/RCTTypeSafety\"",
					"\"${PODS_CONFIGURATION_BUILD_DIR}/RNCAsyncStorage\"",
					"\"${PODS_CONFIGURATION_BUILD_DIR}/RNFirebase\"",
					"\"${PODS_CONFIGURATION_BUILD_DIR}/RNGestureHandler\"",
					"\"${PODS_CONFIGURATION_BUILD_DIR}/RNImageCropPicker\"",
					"\"${PODS_CONFIGURATION_BUILD_DIR}/RNSnackbar\"",
					"\"${PODS_CONFIGURATION_BUILD_DIR}/RNVectorIcons\"",
					"\"${PODS_CONFIGURATION_BUILD_DIR}/RSKImageCropper\"",
					"\"${PODS_CONFIGURATION_BUILD_DIR}/React-Core\"",
					"\"${PODS_CONFIGURATION_BUILD_DIR}/React-CoreModules\"",
					"\"${PODS_CONFIGURATION_BUILD_DIR}/React-RCTActionSheet\"",
					"\"${PODS_CONFIGURATION_BUILD_DIR}/React-RCTAnimation\"",
					"\"${PODS_CONFIGURATION_BUILD_DIR}/React-RCTBlob\"",
					"\"${PODS_CONFIGURATION_BUILD_DIR}/React-RCTImage\"",
					"\"${PODS_CONFIGURATION_BUILD_DIR}/React-RCTLinking\"",
					"\"${PODS_CONFIGURATION_BUILD_DIR}/React-RCTNetwork\"",
					"\"${PODS_CONFIGURATION_BUILD_DIR}/React-RCTSettings\"",
					"\"${PODS_CONFIGURATION_BUILD_DIR}/React-RCTText\"",
					"\"${PODS_CONFIGURATION_BUILD_DIR}/React-RCTVibration\"",
					"\"${PODS_CONFIGURATION_BUILD_DIR}/React-cxxreact\"",
					"\"${PODS_CONFIGURATION_BUILD_DIR}/React-jsi\"",
					"\"${PODS_CONFIGURATION_BUILD_DIR}/React-jsiexecutor\"",
					"\"${PODS_CONFIGURATION_BUILD_DIR}/React-jsinspector\"",
					"\"${PODS_CONFIGURATION_BUILD_DIR}/ReactCommon\"",
					"\"${PODS_CONFIGURATION_BUILD_DIR}/ReactNativeExceptionHandler\"",
					"\"${PODS_CONFIGURATION_BUILD_DIR}/Yoga\"",
					"\"${PODS_CONFIGURATION_BUILD_DIR}/glog\"",
					"\"${PODS_CONFIGURATION_BUILD_DIR}/nanopb\"",
					"\"${PODS_CONFIGURATION_BUILD_DIR}/react-native-blur\"",
					"\"${PODS_CONFIGURATION_BUILD_DIR}/react-native-fbsdk\"",
					"\"${PODS_CONFIGURATION_BUILD_DIR}/react-native-geolocation\"",
					"\"${PODS_CONFIGURATION_BUILD_DIR}/react-native-image-picker\"",
					"\"${PODS_CONFIGURATION_BUILD_DIR}/react-native-netinfo\"",
					"\"${PODS_CONFIGURATION_BUILD_DIR}/react-native-notification-sounds\"",
					"\"${PODS_CONFIGURATION_BUILD_DIR}/react-native-splash-screen\"",
					"\"${PODS_CONFIGURATION_BUILD_DIR}/rn-range-slider\"",
				);
				OTHER_LDFLAGS = (
					"$(inherited)",
					"-ObjC",
					"-lc++",
				);
				PODS_CONFIGURATION_BUILD_DIR = "${PODS_BUILD_DIR}/$(CONFIGURATION)$(EFFECTIVE_PLATFORM_NAME)";
				"PRELINK_LIBS[arch=*]" = "";
				PRODUCT_BUNDLE_IDENTIFIER = com.fleapo.tagmango.reactnative;
				PRODUCT_NAME = RNAnimationsTechugo;
				PROVISIONING_PROFILE_SPECIFIER = TagMangoTechugo;
				VERSIONING_SYSTEM = "apple-generic";
			};
			name = Release;
		};
		83CBBA201A601CBA00E9B192 /* Debug */ = {
			isa = XCBuildConfiguration;
			buildSettings = {
				ALWAYS_SEARCH_USER_PATHS = NO;
				CLANG_CXX_LANGUAGE_STANDARD = "gnu++0x";
				CLANG_CXX_LIBRARY = "libc++";
				CLANG_ENABLE_MODULES = YES;
				CLANG_ENABLE_OBJC_ARC = YES;
				CLANG_WARN_BLOCK_CAPTURE_AUTORELEASING = YES;
				CLANG_WARN_BOOL_CONVERSION = YES;
				CLANG_WARN_COMMA = YES;
				CLANG_WARN_CONSTANT_CONVERSION = YES;
				CLANG_WARN_DEPRECATED_OBJC_IMPLEMENTATIONS = YES;
				CLANG_WARN_DIRECT_OBJC_ISA_USAGE = YES_ERROR;
				CLANG_WARN_EMPTY_BODY = YES;
				CLANG_WARN_ENUM_CONVERSION = YES;
				CLANG_WARN_INFINITE_RECURSION = YES;
				CLANG_WARN_INT_CONVERSION = YES;
				CLANG_WARN_NON_LITERAL_NULL_CONVERSION = YES;
				CLANG_WARN_OBJC_IMPLICIT_RETAIN_SELF = YES;
				CLANG_WARN_OBJC_LITERAL_CONVERSION = YES;
				CLANG_WARN_OBJC_ROOT_CLASS = YES_ERROR;
				CLANG_WARN_RANGE_LOOP_ANALYSIS = YES;
				CLANG_WARN_STRICT_PROTOTYPES = YES;
				CLANG_WARN_SUSPICIOUS_MOVE = YES;
				CLANG_WARN_UNREACHABLE_CODE = YES;
				CLANG_WARN__DUPLICATE_METHOD_MATCH = YES;
				"CODE_SIGN_IDENTITY[sdk=iphoneos*]" = "iPhone Developer";
				COPY_PHASE_STRIP = NO;
				ENABLE_STRICT_OBJC_MSGSEND = YES;
				ENABLE_TESTABILITY = YES;
				GCC_C_LANGUAGE_STANDARD = gnu99;
				GCC_DYNAMIC_NO_PIC = NO;
				GCC_NO_COMMON_BLOCKS = YES;
				GCC_OPTIMIZATION_LEVEL = 0;
				GCC_PREPROCESSOR_DEFINITIONS = (
					"DEBUG=1",
					"$(inherited)",
				);
				GCC_SYMBOLS_PRIVATE_EXTERN = NO;
				GCC_WARN_64_TO_32_BIT_CONVERSION = YES;
				GCC_WARN_ABOUT_RETURN_TYPE = YES_ERROR;
				GCC_WARN_UNDECLARED_SELECTOR = YES;
				GCC_WARN_UNINITIALIZED_AUTOS = YES_AGGRESSIVE;
				GCC_WARN_UNUSED_FUNCTION = YES;
				GCC_WARN_UNUSED_VARIABLE = YES;
				IPHONEOS_DEPLOYMENT_TARGET = 9.0;
				MTL_ENABLE_DEBUG_INFO = YES;
				ONLY_ACTIVE_ARCH = YES;
				SDKROOT = iphoneos;
			};
			name = Debug;
		};
		83CBBA211A601CBA00E9B192 /* Release */ = {
			isa = XCBuildConfiguration;
			buildSettings = {
				ALWAYS_SEARCH_USER_PATHS = NO;
				CLANG_CXX_LANGUAGE_STANDARD = "gnu++0x";
				CLANG_CXX_LIBRARY = "libc++";
				CLANG_ENABLE_MODULES = YES;
				CLANG_ENABLE_OBJC_ARC = YES;
				CLANG_WARN_BLOCK_CAPTURE_AUTORELEASING = YES;
				CLANG_WARN_BOOL_CONVERSION = YES;
				CLANG_WARN_COMMA = YES;
				CLANG_WARN_CONSTANT_CONVERSION = YES;
				CLANG_WARN_DEPRECATED_OBJC_IMPLEMENTATIONS = YES;
				CLANG_WARN_DIRECT_OBJC_ISA_USAGE = YES_ERROR;
				CLANG_WARN_EMPTY_BODY = YES;
				CLANG_WARN_ENUM_CONVERSION = YES;
				CLANG_WARN_INFINITE_RECURSION = YES;
				CLANG_WARN_INT_CONVERSION = YES;
				CLANG_WARN_NON_LITERAL_NULL_CONVERSION = YES;
				CLANG_WARN_OBJC_IMPLICIT_RETAIN_SELF = YES;
				CLANG_WARN_OBJC_LITERAL_CONVERSION = YES;
				CLANG_WARN_OBJC_ROOT_CLASS = YES_ERROR;
				CLANG_WARN_RANGE_LOOP_ANALYSIS = YES;
				CLANG_WARN_STRICT_PROTOTYPES = YES;
				CLANG_WARN_SUSPICIOUS_MOVE = YES;
				CLANG_WARN_UNREACHABLE_CODE = YES;
				CLANG_WARN__DUPLICATE_METHOD_MATCH = YES;
				"CODE_SIGN_IDENTITY[sdk=iphoneos*]" = "iPhone Developer";
				COPY_PHASE_STRIP = YES;
				ENABLE_NS_ASSERTIONS = NO;
				ENABLE_STRICT_OBJC_MSGSEND = YES;
				GCC_C_LANGUAGE_STANDARD = gnu99;
				GCC_NO_COMMON_BLOCKS = YES;
				GCC_WARN_64_TO_32_BIT_CONVERSION = YES;
				GCC_WARN_ABOUT_RETURN_TYPE = YES_ERROR;
				GCC_WARN_UNDECLARED_SELECTOR = YES;
				GCC_WARN_UNINITIALIZED_AUTOS = YES_AGGRESSIVE;
				GCC_WARN_UNUSED_FUNCTION = YES;
				GCC_WARN_UNUSED_VARIABLE = YES;
				IPHONEOS_DEPLOYMENT_TARGET = 9.0;
				MTL_ENABLE_DEBUG_INFO = NO;
				SDKROOT = iphoneos;
				VALIDATE_PRODUCT = YES;
			};
			name = Release;
		};
/* End XCBuildConfiguration section */

/* Begin XCConfigurationList section */
		13B07F931A680F5B00A75B9A /* Build configuration list for PBXNativeTarget "SOLOYNC" */ = {
			isa = XCConfigurationList;
			buildConfigurations = (
				13B07F941A680F5B00A75B9A /* Debug */,
				13B07F951A680F5B00A75B9A /* Release */,
			);
			defaultConfigurationIsVisible = 0;
			defaultConfigurationName = Release;
		};
		83CBB9FA1A601CBA00E9B192 /* Build configuration list for PBXProject "SOLOYNC" */ = {
			isa = XCConfigurationList;
			buildConfigurations = (
				83CBBA201A601CBA00E9B192 /* Debug */,
				83CBBA211A601CBA00E9B192 /* Release */,
			);
			defaultConfigurationIsVisible = 0;
			defaultConfigurationName = Release;
		};
/* End XCConfigurationList section */
	};
	rootObject = 83CBB9F71A601CBA00E9B192 /* Project object */;
}
